// !$*UTF8*$!
{
	archiveVersion = 1;
	classes = {
	};
	objectVersion = 77;
	objects = {

/* Begin PBXBuildFile section */
		00D5EB00ED4C0C973E2397B4 /* Cocoa.framework in Frameworks */ = {isa = PBXBuildFile; fileRef = F5B8B5400F7C3885DF6582C1 /* Cocoa.framework */; };
		0993C5C938CA66739DE7C323 /* MacOnboardingView.swift in Sources */ = {isa = PBXBuildFile; fileRef = B8E96FB81C0E8BC815136623 /* MacOnboardingView.swift */; };
		0DE580376C99614FD2E22EE5 /* NetworkExtension.framework in Frameworks */ = {isa = PBXBuildFile; fileRef = 70B4E8217B71CD969C7CF4BD /* NetworkExtension.framework */; };
		10A85F122B8388E6BCFC5C15 /* MacContentView.swift in Sources */ = {isa = PBXBuildFile; fileRef = 674B3A1FC81BE8377CB99C54 /* MacContentView.swift */; };
		1D54793D6602D9CF46DAEDF8 /* KabelwaechterNEmac.appex in Embed Foundation Extensions */ = {isa = PBXBuildFile; fileRef = E0A3F98137305B788A924CEB /* KabelwaechterNEmac.appex */; settings = {ATTRIBUTES = (RemoveHeadersOnCopy, CodeSignOnCopy, ); }; };
		268CCAB5921204AA273E9E06 /* TunnelManager.swift in Sources */ = {isa = PBXBuildFile; fileRef = 41FB3C7335736BB52683446F /* TunnelManager.swift */; };
		3540D07C073EBAAD7E1DD2D6 /* MacAppEnvironment.swift in Sources */ = {isa = PBXBuildFile; fileRef = 3404CDE8E1FA7BC9F4CE6D79 /* MacAppEnvironment.swift */; };
		5B363045221AD827F32CD766 /* Assets.xcassets in Resources */ = {isa = PBXBuildFile; fileRef = 6EF212CC22E116530E05786E /* Assets.xcassets */; };
		61DA437074077E062565AA8F /* WireGuardKit in Frameworks */ = {isa = PBXBuildFile; productRef = B114031E7879A91B1D32DF9D /* WireGuardKit */; };
		64B0FE015ED20F3B34D97847 /* KabelwaechterUI in Frameworks */ = {isa = PBXBuildFile; productRef = C13E77571A0B803CCDE9F059 /* KabelwaechterUI */; };
		7446294C0C01C566E40B2BCE /* PacketTunnelProvider.swift in Sources */ = {isa = PBXBuildFile; fileRef = B70CCF3AE35C48BEA85E589B /* PacketTunnelProvider.swift */; };
		755D4B46DB59BB266DF67CF8 /* WireGuardKit in Frameworks */ = {isa = PBXBuildFile; productRef = 71A54132E72363220E6A7B94 /* WireGuardKit */; };
		7D98AD939D3E27136D7EFBC0 /* CoreToWireGuardKit.swift in Sources */ = {isa = PBXBuildFile; fileRef = FFEF9F6AC1CA911CE94227D2 /* CoreToWireGuardKit.swift */; };
		7EED6A3D7E1E854190CE4917 /* Cocoa.framework in Frameworks */ = {isa = PBXBuildFile; fileRef = F5B8B5400F7C3885DF6582C1 /* Cocoa.framework */; };
		91FAC417D50356D097545858 /* CoreToWireGuardKit.swift in Sources */ = {isa = PBXBuildFile; fileRef = 4FE81CDDAB68A94A676E0F40 /* CoreToWireGuardKit.swift */; };
		925B0E3EDF57DBE0E5F1A905 /* KabelwaechterCore in Frameworks */ = {isa = PBXBuildFile; productRef = 756292111AB838DC42BC8E51 /* KabelwaechterCore */; };
		B57FC15FA15FC30DA79ECC55 /* NetworkExtension.framework in Frameworks */ = {isa = PBXBuildFile; fileRef = 914645D96858AA445C0FF438 /* NetworkExtension.framework */; };
		C3708FE0ACEF4E7124845087 /* KabelwaechterCore in Frameworks */ = {isa = PBXBuildFile; productRef = F920B092C4621151C023632E /* KabelwaechterCore */; };
		C4C8BA2F4750097466A61CFC /* PacketTunnelProvider.swift in Sources */ = {isa = PBXBuildFile; fileRef = 46E5889354AC6B395D5CD2E9 /* PacketTunnelProvider.swift */; };
		C5E0FC906CB73FD60C030461 /* KabelwaechterNEiOS.appex in Embed Foundation Extensions */ = {isa = PBXBuildFile; fileRef = 67D5D3E2958534CACA44D4BA /* KabelwaechterNEiOS.appex */; settings = {ATTRIBUTES = (RemoveHeadersOnCopy, ); }; };
		D04B6B9DAE05227C743719F4 /* KabelwaechterMacApp.swift in Sources */ = {isa = PBXBuildFile; fileRef = 2A8AB607ED54B1C23A14384E /* KabelwaechterMacApp.swift */; };
		DAA5D1FCE804DFCD1C7DDDD2 /* KabelwaechterUI in Frameworks */ = {isa = PBXBuildFile; productRef = 6B900F218F0F6D2D7482FCFF /* KabelwaechterUI */; };
		DC1D89405FE45DA2884ECD90 /* Foundation.framework in Frameworks */ = {isa = PBXBuildFile; fileRef = 040AB44408A4F625836625EF /* Foundation.framework */; };
		E337E3DB2FC33A990039D356 /* NetworkExtension.framework in Frameworks */ = {isa = PBXBuildFile; fileRef = E337E3DA2FC33A990039D356 /* NetworkExtension.framework */; };
		E337E3E32FC33A990039D356 /* KabelwaechterNEtvOS.appex in Embed Foundation Extensions */ = {isa = PBXBuildFile; fileRef = E337E3D82FC33A990039D356 /* KabelwaechterNEtvOS.appex */; settings = {ATTRIBUTES = (RemoveHeadersOnCopy, ); }; };
		E337E3EB2FC33EED0039D356 /* KabelwaechterCore in Frameworks */ = {isa = PBXBuildFile; productRef = E337E3EA2FC33EED0039D356 /* KabelwaechterCore */; };
		E337E3ED2FC33F1D0039D356 /* KabelwaechterCore in Frameworks */ = {isa = PBXBuildFile; productRef = E337E3EC2FC33F1D0039D356 /* KabelwaechterCore */; };
		E337E3EF2FC33F2B0039D356 /* KabelwaechterCore in Frameworks */ = {isa = PBXBuildFile; productRef = E337E3EE2FC33F2B0039D356 /* KabelwaechterCore */; };
		E337E3F12FC700010039D356 /* KabelwaechterPersistence in Frameworks */ = {isa = PBXBuildFile; productRef = E337E3F02FC700010039D356 /* KabelwaechterPersistence */; };
		E337E3F32FC700020039D356 /* KabelwaechterPersistence in Frameworks */ = {isa = PBXBuildFile; productRef = E337E3F22FC700020039D356 /* KabelwaechterPersistence */; };
		E3CCC1662FC342680045F7FD /* WireGuardKit in Frameworks */ = {isa = PBXBuildFile; productRef = E3CCC1652FC342680045F7FD /* WireGuardKit */; };
		E9BFBEB840CAC4F7F80C8326 /* KabelwaechterPersistence in Frameworks */ = {isa = PBXBuildFile; productRef = 4C1FC2B355CFDB97B29E8FB1 /* KabelwaechterPersistence */; };
		F2DE955A7E696D5C501379B9 /* KabelwaechterCore in Frameworks */ = {isa = PBXBuildFile; productRef = D5AC34CD940E1A25B0FEDFC2 /* KabelwaechterCore */; };
		F72B2707060ED7894BFB0D14 /* MacAddTunnelView.swift in Sources */ = {isa = PBXBuildFile; fileRef = F8A7153E391C55F203FAD605 /* MacAddTunnelView.swift */; };
		F7C138D11D474589E3C4637D /* KabelwaechterUI in Frameworks */ = {isa = PBXBuildFile; productRef = DC19856B5386CD0DC88C8E7F /* KabelwaechterUI */; };
		FC377482DDD100E3B0F03207 /* MacSettingsView.swift in Sources */ = {isa = PBXBuildFile; fileRef = 2AF1FF64CA6AA33295D1F449 /* MacSettingsView.swift */; };
		FC40E996C535032E5F708BC5 /* MacMenuBar.swift in Sources */ = {isa = PBXBuildFile; fileRef = CA48AFC6815EC5DB492C2D5F /* MacMenuBar.swift */; };
/* End PBXBuildFile section */

/* Begin PBXContainerItemProxy section */
		20AA75230E7304725B023BCC /* PBXContainerItemProxy */ = {
			isa = PBXContainerItemProxy;
			containerPortal = E337E36D2FC3383C0039D356 /* Project object */;
			proxyType = 1;
			remoteGlobalIDString = 66CC1527C0B57E9E94C79642;
			remoteInfo = KabelwaechterNEiOS;
		};
		903C9D5226AB36036754B253 /* PBXContainerItemProxy */ = {
			isa = PBXContainerItemProxy;
			containerPortal = E337E36D2FC3383C0039D356 /* Project object */;
			proxyType = 1;
			remoteGlobalIDString = CE2702D3F73399C6BA1C27A3;
			remoteInfo = KabelwaechterNEmac;
		};
		E337E3872FC3383E0039D356 /* PBXContainerItemProxy */ = {
			isa = PBXContainerItemProxy;
			containerPortal = E337E36D2FC3383C0039D356 /* Project object */;
			proxyType = 1;
			remoteGlobalIDString = E337E3742FC3383C0039D356;
			remoteInfo = "Kabelwaechter iOS";
		};
		E337E3912FC3383E0039D356 /* PBXContainerItemProxy */ = {
			isa = PBXContainerItemProxy;
			containerPortal = E337E36D2FC3383C0039D356 /* Project object */;
			proxyType = 1;
			remoteGlobalIDString = E337E3742FC3383C0039D356;
			remoteInfo = "Kabelwaechter iOS";
		};
		E337E3B92FC339820039D356 /* PBXContainerItemProxy */ = {
			isa = PBXContainerItemProxy;
			containerPortal = E337E36D2FC3383C0039D356 /* Project object */;
			proxyType = 1;
			remoteGlobalIDString = E337E3A72FC339800039D356;
			remoteInfo = "Kabelwaechter tvOS";
		};
		E337E3C32FC339820039D356 /* PBXContainerItemProxy */ = {
			isa = PBXContainerItemProxy;
			containerPortal = E337E36D2FC3383C0039D356 /* Project object */;
			proxyType = 1;
			remoteGlobalIDString = E337E3A72FC339800039D356;
			remoteInfo = "Kabelwaechter tvOS";
		};
		E337E3E12FC33A990039D356 /* PBXContainerItemProxy */ = {
			isa = PBXContainerItemProxy;
			containerPortal = E337E36D2FC3383C0039D356 /* Project object */;
			proxyType = 1;
			remoteGlobalIDString = E337E3D72FC33A990039D356;
			remoteInfo = KabelwaechterNEtvOS;
		};
/* End PBXContainerItemProxy section */

/* Begin PBXCopyFilesBuildPhase section */
		7CDE608E5A58C36BE7F8186C /* Embed Foundation Extensions */ = {
			isa = PBXCopyFilesBuildPhase;
			buildActionMask = 2147483647;
			dstPath = "";
			dstSubfolderSpec = 13;
			files = (
				1D54793D6602D9CF46DAEDF8 /* KabelwaechterNEmac.appex in Embed Foundation Extensions */,
			);
			name = "Embed Foundation Extensions";
			runOnlyForDeploymentPostprocessing = 0;
		};
		C5C896483B086C55154987E4 /* Embed Foundation Extensions */ = {
			isa = PBXCopyFilesBuildPhase;
			buildActionMask = 2147483647;
			dstPath = "";
			dstSubfolderSpec = 13;
			files = (
				C5E0FC906CB73FD60C030461 /* KabelwaechterNEiOS.appex in Embed Foundation Extensions */,
			);
			name = "Embed Foundation Extensions";
			runOnlyForDeploymentPostprocessing = 0;
		};
		E337E3E82FC33A990039D356 /* Embed Foundation Extensions */ = {
			isa = PBXCopyFilesBuildPhase;
			buildActionMask = 2147483647;
			dstPath = "";
			dstSubfolderSpec = 13;
			files = (
				E337E3E32FC33A990039D356 /* KabelwaechterNEtvOS.appex in Embed Foundation Extensions */,
			);
			name = "Embed Foundation Extensions";
			runOnlyForDeploymentPostprocessing = 0;
		};
/* End PBXCopyFilesBuildPhase section */

/* Begin PBXFileReference section */
		040AB44408A4F625836625EF /* Foundation.framework */ = {isa = PBXFileReference; lastKnownFileType = wrapper.framework; name = Foundation.framework; path = Platforms/iPhoneOS.platform/Developer/SDKs/iPhoneOS18.0.sdk/System/Library/Frameworks/Foundation.framework; sourceTree = DEVELOPER_DIR; };
		2734536D3EA2F8E36BFFE3DF /* Kabelwaechter macOS.app */ = {isa = PBXFileReference; explicitFileType = wrapper.application; includeInIndex = 0; path = "Kabelwaechter macOS.app"; sourceTree = BUILT_PRODUCTS_DIR; };
		2A8AB607ED54B1C23A14384E /* KabelwaechterMacApp.swift */ = {isa = PBXFileReference; includeInIndex = 1; lastKnownFileType = sourcecode.swift; path = KabelwaechterMacApp.swift; sourceTree = "<group>"; };
		2AF1FF64CA6AA33295D1F449 /* MacSettingsView.swift */ = {isa = PBXFileReference; includeInIndex = 1; lastKnownFileType = sourcecode.swift; path = MacSettingsView.swift; sourceTree = "<group>"; };
		3404CDE8E1FA7BC9F4CE6D79 /* MacAppEnvironment.swift */ = {isa = PBXFileReference; includeInIndex = 1; lastKnownFileType = sourcecode.swift; path = MacAppEnvironment.swift; sourceTree = "<group>"; };
		3455E855FB32D775A8FD595A /* KabelwaechterNEiOS.entitlements */ = {isa = PBXFileReference; includeInIndex = 1; lastKnownFileType = text.plist.entitlements; path = KabelwaechterNEiOS.entitlements; sourceTree = "<group>"; };
		41FB3C7335736BB52683446F /* TunnelManager.swift */ = {isa = PBXFileReference; includeInIndex = 1; lastKnownFileType = sourcecode.swift; path = TunnelManager.swift; sourceTree = "<group>"; };
		46E5889354AC6B395D5CD2E9 /* PacketTunnelProvider.swift */ = {isa = PBXFileReference; includeInIndex = 1; lastKnownFileType = sourcecode.swift; path = PacketTunnelProvider.swift; sourceTree = "<group>"; };
		4FE81CDDAB68A94A676E0F40 /* CoreToWireGuardKit.swift */ = {isa = PBXFileReference; includeInIndex = 1; lastKnownFileType = sourcecode.swift; path = CoreToWireGuardKit.swift; sourceTree = "<group>"; };
		674B3A1FC81BE8377CB99C54 /* MacContentView.swift */ = {isa = PBXFileReference; includeInIndex = 1; lastKnownFileType = sourcecode.swift; path = MacContentView.swift; sourceTree = "<group>"; };
		67D5D3E2958534CACA44D4BA /* KabelwaechterNEiOS.appex */ = {isa = PBXFileReference; explicitFileType = "wrapper.app-extension"; includeInIndex = 0; path = KabelwaechterNEiOS.appex; sourceTree = BUILT_PRODUCTS_DIR; };
		6EF212CC22E116530E05786E /* Assets.xcassets */ = {isa = PBXFileReference; includeInIndex = 1; lastKnownFileType = folder.assetcatalog; path = Assets.xcassets; sourceTree = "<group>"; };
		70B4E8217B71CD969C7CF4BD /* NetworkExtension.framework */ = {isa = PBXFileReference; lastKnownFileType = wrapper.framework; name = NetworkExtension.framework; path = Platforms/MacOSX.platform/Developer/SDKs/MacOSX15.0.sdk/System/Library/Frameworks/NetworkExtension.framework; sourceTree = DEVELOPER_DIR; };
		73EB77D930AA2E29F608FFC0 /* KabelwaechterNEmac.entitlements */ = {isa = PBXFileReference; includeInIndex = 1; lastKnownFileType = text.plist.entitlements; path = KabelwaechterNEmac.entitlements; sourceTree = "<group>"; };
		8939DEC6DEE360F516AFD4D1 /* Kabelwaechter_macOS.entitlements */ = {isa = PBXFileReference; includeInIndex = 1; lastKnownFileType = text.plist.entitlements; path = Kabelwaechter_macOS.entitlements; sourceTree = "<group>"; };
		914645D96858AA445C0FF438 /* NetworkExtension.framework */ = {isa = PBXFileReference; lastKnownFileType = wrapper.framework; name = NetworkExtension.framework; path = Platforms/iPhoneOS.platform/Developer/SDKs/iPhoneOS18.0.sdk/System/Library/Frameworks/NetworkExtension.framework; sourceTree = DEVELOPER_DIR; };
		B70CCF3AE35C48BEA85E589B /* PacketTunnelProvider.swift */ = {isa = PBXFileReference; includeInIndex = 1; lastKnownFileType = sourcecode.swift; path = PacketTunnelProvider.swift; sourceTree = "<group>"; };
		B8E96FB81C0E8BC815136623 /* MacOnboardingView.swift */ = {isa = PBXFileReference; includeInIndex = 1; lastKnownFileType = sourcecode.swift; path = MacOnboardingView.swift; sourceTree = "<group>"; };
		CA48AFC6815EC5DB492C2D5F /* MacMenuBar.swift */ = {isa = PBXFileReference; includeInIndex = 1; lastKnownFileType = sourcecode.swift; path = MacMenuBar.swift; sourceTree = "<group>"; };
		E0A3F98137305B788A924CEB /* KabelwaechterNEmac.appex */ = {isa = PBXFileReference; explicitFileType = "wrapper.app-extension"; includeInIndex = 0; path = KabelwaechterNEmac.appex; sourceTree = BUILT_PRODUCTS_DIR; };
		E337E3752FC3383C0039D356 /* Kabelwaechter.app */ = {isa = PBXFileReference; explicitFileType = wrapper.application; includeInIndex = 0; path = Kabelwaechter.app; sourceTree = BUILT_PRODUCTS_DIR; };
		E337E3862FC3383E0039D356 /* KabelwaechterTests.xctest */ = {isa = PBXFileReference; explicitFileType = wrapper.cfbundle; includeInIndex = 0; path = KabelwaechterTests.xctest; sourceTree = BUILT_PRODUCTS_DIR; };
		E337E3902FC3383E0039D356 /* KabelwaechterUITests.xctest */ = {isa = PBXFileReference; explicitFileType = wrapper.cfbundle; includeInIndex = 0; path = KabelwaechterUITests.xctest; sourceTree = BUILT_PRODUCTS_DIR; };
		E337E3A82FC339800039D356 /* Kabelwaechter tvOS.app */ = {isa = PBXFileReference; explicitFileType = wrapper.application; includeInIndex = 0; path = "Kabelwaechter tvOS.app"; sourceTree = BUILT_PRODUCTS_DIR; };
		E337E3B82FC339820039D356 /* Kabelwaechter tvOSTests.xctest */ = {isa = PBXFileReference; explicitFileType = wrapper.cfbundle; includeInIndex = 0; path = "Kabelwaechter tvOSTests.xctest"; sourceTree = BUILT_PRODUCTS_DIR; };
		E337E3C22FC339820039D356 /* Kabelwaechter tvOSUITests.xctest */ = {isa = PBXFileReference; explicitFileType = wrapper.cfbundle; includeInIndex = 0; path = "Kabelwaechter tvOSUITests.xctest"; sourceTree = BUILT_PRODUCTS_DIR; };
		E337E3D82FC33A990039D356 /* KabelwaechterNEtvOS.appex */ = {isa = PBXFileReference; explicitFileType = "wrapper.app-extension"; includeInIndex = 0; path = KabelwaechterNEtvOS.appex; sourceTree = BUILT_PRODUCTS_DIR; };
		E337E3DA2FC33A990039D356 /* NetworkExtension.framework */ = {isa = PBXFileReference; lastKnownFileType = wrapper.framework; name = NetworkExtension.framework; path = System/Library/Frameworks/NetworkExtension.framework; sourceTree = SDKROOT; };
		F5B8B5400F7C3885DF6582C1 /* Cocoa.framework */ = {isa = PBXFileReference; lastKnownFileType = wrapper.framework; name = Cocoa.framework; path = Platforms/MacOSX.platform/Developer/SDKs/MacOSX15.0.sdk/System/Library/Frameworks/Cocoa.framework; sourceTree = DEVELOPER_DIR; };
		F63D5D5429DE6651578BC658 /* Info.plist */ = {isa = PBXFileReference; includeInIndex = 1; lastKnownFileType = text.plist.xml; path = Info.plist; sourceTree = "<group>"; };
		F8A7153E391C55F203FAD605 /* MacAddTunnelView.swift */ = {isa = PBXFileReference; includeInIndex = 1; lastKnownFileType = sourcecode.swift; path = MacAddTunnelView.swift; sourceTree = "<group>"; };
		FBBC8C732540D87F8B3EFE7A /* Info.plist */ = {isa = PBXFileReference; includeInIndex = 1; lastKnownFileType = text.plist.xml; path = Info.plist; sourceTree = "<group>"; };
		FFEF9F6AC1CA911CE94227D2 /* CoreToWireGuardKit.swift */ = {isa = PBXFileReference; includeInIndex = 1; lastKnownFileType = sourcecode.swift; path = CoreToWireGuardKit.swift; sourceTree = "<group>"; };
/* End PBXFileReference section */

/* Begin PBXFileSystemSynchronizedBuildFileExceptionSet section */
		E337E3982FC3383E0039D356 /* Exceptions for "Kabelwaechter iOS" folder in "Kabelwaechter" target */ = {
			isa = PBXFileSystemSynchronizedBuildFileExceptionSet;
			membershipExceptions = (
				Info.plist,
			);
			target = E337E3742FC3383C0039D356 /* Kabelwaechter */;
		};
		E337E3CA2FC339820039D356 /* Exceptions for "Kabelwaechter tvOS" folder in "Kabelwaechter tvOS" target */ = {
			isa = PBXFileSystemSynchronizedBuildFileExceptionSet;
			membershipExceptions = (
				Info.plist,
			);
			target = E337E3A72FC339800039D356 /* Kabelwaechter tvOS */;
		};
		E337E3E72FC33A990039D356 /* Exceptions for "KabelwaechterNEtvOS" folder in "KabelwaechterNEtvOS" target */ = {
			isa = PBXFileSystemSynchronizedBuildFileExceptionSet;
			membershipExceptions = (
				Info.plist,
			);
			target = E337E3D72FC33A990039D356 /* KabelwaechterNEtvOS */;
		};
/* End PBXFileSystemSynchronizedBuildFileExceptionSet section */

/* Begin PBXFileSystemSynchronizedRootGroup section */
		E337E3772FC3383C0039D356 /* Kabelwaechter iOS */ = {
			isa = PBXFileSystemSynchronizedRootGroup;
			exceptions = (
				E337E3982FC3383E0039D356 /* Exceptions for "Kabelwaechter iOS" folder in "Kabelwaechter" target */,
			);
			path = "Kabelwaechter iOS";
			sourceTree = "<group>";
		};
		E337E3892FC3383E0039D356 /* Kabelwaechter iOSTests */ = {
			isa = PBXFileSystemSynchronizedRootGroup;
			exceptions = (
			);
			path = "Kabelwaechter iOSTests";
			sourceTree = "<group>";
		};
		E337E3932FC3383E0039D356 /* Kabelwaechter iOSUITests */ = {
			isa = PBXFileSystemSynchronizedRootGroup;
			exceptions = (
			);
			path = "Kabelwaechter iOSUITests";
			sourceTree = "<group>";
		};
		E337E3A92FC339800039D356 /* Kabelwaechter tvOS */ = {
			isa = PBXFileSystemSynchronizedRootGroup;
			exceptions = (
				E337E3CA2FC339820039D356 /* Exceptions for "Kabelwaechter tvOS" folder in "Kabelwaechter tvOS" target */,
			);
			path = "Kabelwaechter tvOS";
			sourceTree = "<group>";
		};
		E337E3BB2FC339820039D356 /* Kabelwaechter tvOSTests */ = {
			isa = PBXFileSystemSynchronizedRootGroup;
			exceptions = (
			);
			path = "Kabelwaechter tvOSTests";
			sourceTree = "<group>";
		};
		E337E3C52FC339820039D356 /* Kabelwaechter tvOSUITests */ = {
			isa = PBXFileSystemSynchronizedRootGroup;
			exceptions = (
			);
			path = "Kabelwaechter tvOSUITests";
			sourceTree = "<group>";
		};
		E337E3DC2FC33A990039D356 /* KabelwaechterNEtvOS */ = {
			isa = PBXFileSystemSynchronizedRootGroup;
			exceptions = (
				E337E3E72FC33A990039D356 /* Exceptions for "KabelwaechterNEtvOS" folder in "KabelwaechterNEtvOS" target */,
			);
			path = KabelwaechterNEtvOS;
			sourceTree = "<group>";
		};
/* End PBXFileSystemSynchronizedRootGroup section */

/* Begin PBXFrameworksBuildPhase section */
		377CD6C95D19DF5FB8BE5F9E /* Frameworks */ = {
			isa = PBXFrameworksBuildPhase;
			buildActionMask = 2147483647;
			files = (
				DC1D89405FE45DA2884ECD90 /* Foundation.framework in Frameworks */,
				C3708FE0ACEF4E7124845087 /* KabelwaechterCore in Frameworks */,
				755D4B46DB59BB266DF67CF8 /* WireGuardKit in Frameworks */,
				B57FC15FA15FC30DA79ECC55 /* NetworkExtension.framework in Frameworks */,
			);
			runOnlyForDeploymentPostprocessing = 0;
		};
		661EA8B2E22870B862D0859A /* Frameworks */ = {
			isa = PBXFrameworksBuildPhase;
			buildActionMask = 2147483647;
			files = (
				00D5EB00ED4C0C973E2397B4 /* Cocoa.framework in Frameworks */,
				F2DE955A7E696D5C501379B9 /* KabelwaechterCore in Frameworks */,
				61DA437074077E062565AA8F /* WireGuardKit in Frameworks */,
				0DE580376C99614FD2E22EE5 /* NetworkExtension.framework in Frameworks */,
			);
			runOnlyForDeploymentPostprocessing = 0;
		};
		6C2AA51532F486A4D6503513 /* Frameworks */ = {
			isa = PBXFrameworksBuildPhase;
			buildActionMask = 2147483647;
			files = (
				7EED6A3D7E1E854190CE4917 /* Cocoa.framework in Frameworks */,
				925B0E3EDF57DBE0E5F1A905 /* KabelwaechterCore in Frameworks */,
				E9BFBEB840CAC4F7F80C8326 /* KabelwaechterPersistence in Frameworks */,
				F7C138D11D474589E3C4637D /* KabelwaechterUI in Frameworks */,
			);
			runOnlyForDeploymentPostprocessing = 0;
		};
		E337E3722FC3383C0039D356 /* Frameworks */ = {
			isa = PBXFrameworksBuildPhase;
			buildActionMask = 2147483647;
			files = (
				E337E3EB2FC33EED0039D356 /* KabelwaechterCore in Frameworks */,
				E337E3F12FC700010039D356 /* KabelwaechterPersistence in Frameworks */,
				DAA5D1FCE804DFCD1C7DDDD2 /* KabelwaechterUI in Frameworks */,
			);
			runOnlyForDeploymentPostprocessing = 0;
		};
		E337E3832FC3383E0039D356 /* Frameworks */ = {
			isa = PBXFrameworksBuildPhase;
			buildActionMask = 2147483647;
			files = (
			);
			runOnlyForDeploymentPostprocessing = 0;
		};
		E337E38D2FC3383E0039D356 /* Frameworks */ = {
			isa = PBXFrameworksBuildPhase;
			buildActionMask = 2147483647;
			files = (
			);
			runOnlyForDeploymentPostprocessing = 0;
		};
		E337E3A52FC339800039D356 /* Frameworks */ = {
			isa = PBXFrameworksBuildPhase;
			buildActionMask = 2147483647;
			files = (
				E337E3ED2FC33F1D0039D356 /* KabelwaechterCore in Frameworks */,
				E337E3F32FC700020039D356 /* KabelwaechterPersistence in Frameworks */,
				64B0FE015ED20F3B34D97847 /* KabelwaechterUI in Frameworks */,
			);
			runOnlyForDeploymentPostprocessing = 0;
		};
		E337E3B52FC339820039D356 /* Frameworks */ = {
			isa = PBXFrameworksBuildPhase;
			buildActionMask = 2147483647;
			files = (
			);
			runOnlyForDeploymentPostprocessing = 0;
		};
		E337E3BF2FC339820039D356 /* Frameworks */ = {
			isa = PBXFrameworksBuildPhase;
			buildActionMask = 2147483647;
			files = (
			);
			runOnlyForDeploymentPostprocessing = 0;
		};
		E337E3D52FC33A990039D356 /* Frameworks */ = {
			isa = PBXFrameworksBuildPhase;
			buildActionMask = 2147483647;
			files = (
				E337E3EF2FC33F2B0039D356 /* KabelwaechterCore in Frameworks */,
				E337E3DB2FC33A990039D356 /* NetworkExtension.framework in Frameworks */,
				E3CCC1662FC342680045F7FD /* WireGuardKit in Frameworks */,
			);
			runOnlyForDeploymentPostprocessing = 0;
		};
/* End PBXFrameworksBuildPhase section */

/* Begin PBXGroup section */
		7F4069F9D21A3A0DE3FB6D58 /* Kabelwaechter macOS */ = {
			isa = PBXGroup;
			children = (
				2A8AB607ED54B1C23A14384E /* KabelwaechterMacApp.swift */,
				3404CDE8E1FA7BC9F4CE6D79 /* MacAppEnvironment.swift */,
				674B3A1FC81BE8377CB99C54 /* MacContentView.swift */,
				8939DEC6DEE360F516AFD4D1 /* Kabelwaechter_macOS.entitlements */,
				41FB3C7335736BB52683446F /* TunnelManager.swift */,
				6EF212CC22E116530E05786E /* Assets.xcassets */,
				B8E96FB81C0E8BC815136623 /* MacOnboardingView.swift */,
				2AF1FF64CA6AA33295D1F449 /* MacSettingsView.swift */,
				F8A7153E391C55F203FAD605 /* MacAddTunnelView.swift */,
				CA48AFC6815EC5DB492C2D5F /* MacMenuBar.swift */,
			);
			name = "Kabelwaechter macOS";
			path = "Kabelwaechter macOS";
			sourceTree = "<group>";
		};
		9D662C73F4981D9AF78A4720 /* KabelwaechterNEmac */ = {
			isa = PBXGroup;
			children = (
				46E5889354AC6B395D5CD2E9 /* PacketTunnelProvider.swift */,
				FFEF9F6AC1CA911CE94227D2 /* CoreToWireGuardKit.swift */,
				F63D5D5429DE6651578BC658 /* Info.plist */,
				73EB77D930AA2E29F608FFC0 /* KabelwaechterNEmac.entitlements */,
			);
			name = KabelwaechterNEmac;
			path = KabelwaechterNEmac;
			sourceTree = "<group>";
		};
		B79A4C02B9C183104210BE0F /* iOS */ = {
			isa = PBXGroup;
			children = (
				040AB44408A4F625836625EF /* Foundation.framework */,
				914645D96858AA445C0FF438 /* NetworkExtension.framework */,
			);
			name = iOS;
			sourceTree = "<group>";
		};
		CA28F06633DA3B9977EA2581 /* OS X */ = {
			isa = PBXGroup;
			children = (
				F5B8B5400F7C3885DF6582C1 /* Cocoa.framework */,
				70B4E8217B71CD969C7CF4BD /* NetworkExtension.framework */,
			);
			name = "OS X";
			sourceTree = "<group>";
		};
		D4974076DC1DE27835FEF987 /* KabelwaechterNEiOS */ = {
			isa = PBXGroup;
			children = (
				B70CCF3AE35C48BEA85E589B /* PacketTunnelProvider.swift */,
				4FE81CDDAB68A94A676E0F40 /* CoreToWireGuardKit.swift */,
				FBBC8C732540D87F8B3EFE7A /* Info.plist */,
				3455E855FB32D775A8FD595A /* KabelwaechterNEiOS.entitlements */,
			);
			path = KabelwaechterNEiOS;
			sourceTree = "<group>";
		};
		E337E36C2FC3383C0039D356 = {
			isa = PBXGroup;
			children = (
				E337E3772FC3383C0039D356 /* Kabelwaechter iOS */,
				E337E3892FC3383E0039D356 /* Kabelwaechter iOSTests */,
				E337E3932FC3383E0039D356 /* Kabelwaechter iOSUITests */,
				E337E3A92FC339800039D356 /* Kabelwaechter tvOS */,
				E337E3BB2FC339820039D356 /* Kabelwaechter tvOSTests */,
				E337E3C52FC339820039D356 /* Kabelwaechter tvOSUITests */,
				E337E3DC2FC33A990039D356 /* KabelwaechterNEtvOS */,
				E337E3D92FC33A990039D356 /* Frameworks */,
				E337E3762FC3383C0039D356 /* Products */,
				D4974076DC1DE27835FEF987 /* KabelwaechterNEiOS */,
				7F4069F9D21A3A0DE3FB6D58 /* Kabelwaechter macOS */,
				9D662C73F4981D9AF78A4720 /* KabelwaechterNEmac */,
			);
			sourceTree = "<group>";
		};
		E337E3762FC3383C0039D356 /* Products */ = {
			isa = PBXGroup;
			children = (
				E337E3752FC3383C0039D356 /* Kabelwaechter.app */,
				E337E3862FC3383E0039D356 /* KabelwaechterTests.xctest */,
				E337E3902FC3383E0039D356 /* KabelwaechterUITests.xctest */,
				E337E3A82FC339800039D356 /* Kabelwaechter tvOS.app */,
				E337E3B82FC339820039D356 /* Kabelwaechter tvOSTests.xctest */,
				E337E3C22FC339820039D356 /* Kabelwaechter tvOSUITests.xctest */,
				E337E3D82FC33A990039D356 /* KabelwaechterNEtvOS.appex */,
				67D5D3E2958534CACA44D4BA /* KabelwaechterNEiOS.appex */,
				2734536D3EA2F8E36BFFE3DF /* Kabelwaechter macOS.app */,
				E0A3F98137305B788A924CEB /* KabelwaechterNEmac.appex */,
			);
			name = Products;
			sourceTree = "<group>";
		};
		E337E3D92FC33A990039D356 /* Frameworks */ = {
			isa = PBXGroup;
			children = (
				E337E3DA2FC33A990039D356 /* NetworkExtension.framework */,
				B79A4C02B9C183104210BE0F /* iOS */,
				CA28F06633DA3B9977EA2581 /* OS X */,
			);
			name = Frameworks;
			sourceTree = "<group>";
		};
/* End PBXGroup section */

/* Begin PBXNativeTarget section */
		66CC1527C0B57E9E94C79642 /* KabelwaechterNEiOS */ = {
			isa = PBXNativeTarget;
			buildConfigurationList = DDAD1678387CC0B1CCC516CE /* Build configuration list for PBXNativeTarget "KabelwaechterNEiOS" */;
			buildPhases = (
				F5242115A33711E5C623B0D0 /* Build WireGuard Go Bridge */,
				1359CFB21AAABC3AB8DAC404 /* Sources */,
				377CD6C95D19DF5FB8BE5F9E /* Frameworks */,
				E28932A728ADE35532BFD067 /* Resources */,
			);
			buildRules = (
			);
			dependencies = (
			);
			name = KabelwaechterNEiOS;
			packageProductDependencies = (
				F920B092C4621151C023632E /* KabelwaechterCore */,
				71A54132E72363220E6A7B94 /* WireGuardKit */,
			);
			productName = KabelwaechterNEiOS;
			productReference = 67D5D3E2958534CACA44D4BA /* KabelwaechterNEiOS.appex */;
			productType = "com.apple.product-type.app-extension";
		};
		B2C4946694D23C3F7CB3B230 /* Kabelwaechter macOS */ = {
			isa = PBXNativeTarget;
			buildConfigurationList = 83C3F562D904AB91811B971F /* Build configuration list for PBXNativeTarget "Kabelwaechter macOS" */;
			buildPhases = (
				36E01065AA815F72BE1AFCCC /* Sources */,
				6C2AA51532F486A4D6503513 /* Frameworks */,
				27B08E032F627B66EB8AE962 /* Resources */,
				7CDE608E5A58C36BE7F8186C /* Embed Foundation Extensions */,
			);
			buildRules = (
			);
			dependencies = (
				F7997B1341372440444C46AE /* PBXTargetDependency */,
			);
			name = "Kabelwaechter macOS";
			packageProductDependencies = (
				756292111AB838DC42BC8E51 /* KabelwaechterCore */,
				4C1FC2B355CFDB97B29E8FB1 /* KabelwaechterPersistence */,
				DC19856B5386CD0DC88C8E7F /* KabelwaechterUI */,
			);
			productName = "Kabelwaechter macOS";
			productReference = 2734536D3EA2F8E36BFFE3DF /* Kabelwaechter macOS.app */;
			productType = "com.apple.product-type.application";
		};
		CE2702D3F73399C6BA1C27A3 /* KabelwaechterNEmac */ = {
			isa = PBXNativeTarget;
			buildConfigurationList = 024322944BA6DF7A60C113B2 /* Build configuration list for PBXNativeTarget "KabelwaechterNEmac" */;
			buildPhases = (
				982B5C8BD871C25FB23A1E24 /* Build WireGuard Go Bridge */,
				452FDA5BD6A02433EB18E171 /* Sources */,
				661EA8B2E22870B862D0859A /* Frameworks */,
				8CC368FA4B94DF1306928DB3 /* Resources */,
			);
			buildRules = (
			);
			dependencies = (
			);
			name = KabelwaechterNEmac;
			packageProductDependencies = (
				D5AC34CD940E1A25B0FEDFC2 /* KabelwaechterCore */,
				B114031E7879A91B1D32DF9D /* WireGuardKit */,
			);
			productName = KabelwaechterNEmac;
			productReference = E0A3F98137305B788A924CEB /* KabelwaechterNEmac.appex */;
			productType = "com.apple.product-type.app-extension";
		};
		E337E3742FC3383C0039D356 /* Kabelwaechter */ = {
			isa = PBXNativeTarget;
			buildConfigurationList = E337E3992FC3383E0039D356 /* Build configuration list for PBXNativeTarget "Kabelwaechter" */;
			buildPhases = (
				E337E3712FC3383C0039D356 /* Sources */,
				E337E3722FC3383C0039D356 /* Frameworks */,
				E337E3732FC3383C0039D356 /* Resources */,
				C5C896483B086C55154987E4 /* Embed Foundation Extensions */,
			);
			buildRules = (
			);
			dependencies = (
				4F9430F804377637B85F8A64 /* PBXTargetDependency */,
			);
			fileSystemSynchronizedGroups = (
				E337E3772FC3383C0039D356 /* Kabelwaechter iOS */,
			);
			name = Kabelwaechter;
			packageProductDependencies = (
				E337E3EA2FC33EED0039D356 /* KabelwaechterCore */,
				E337E3F02FC700010039D356 /* KabelwaechterPersistence */,
				6B900F218F0F6D2D7482FCFF /* KabelwaechterUI */,
			);
			productName = "Kabelwaechter iOS";
			productReference = E337E3752FC3383C0039D356 /* Kabelwaechter.app */;
			productType = "com.apple.product-type.application";
		};
		E337E3852FC3383E0039D356 /* KabelwaechterTests */ = {
			isa = PBXNativeTarget;
			buildConfigurationList = E337E39E2FC3383E0039D356 /* Build configuration list for PBXNativeTarget "KabelwaechterTests" */;
			buildPhases = (
				E337E3822FC3383E0039D356 /* Sources */,
				E337E3832FC3383E0039D356 /* Frameworks */,
				E337E3842FC3383E0039D356 /* Resources */,
			);
			buildRules = (
			);
			dependencies = (
				E337E3882FC3383E0039D356 /* PBXTargetDependency */,
			);
			fileSystemSynchronizedGroups = (
				E337E3892FC3383E0039D356 /* Kabelwaechter iOSTests */,
			);
			name = KabelwaechterTests;
			productName = "Kabelwaechter iOSTests";
			productReference = E337E3862FC3383E0039D356 /* KabelwaechterTests.xctest */;
			productType = "com.apple.product-type.bundle.unit-test";
		};
		E337E38F2FC3383E0039D356 /* KabelwaechterUITests */ = {
			isa = PBXNativeTarget;
			buildConfigurationList = E337E3A12FC3383E0039D356 /* Build configuration list for PBXNativeTarget "KabelwaechterUITests" */;
			buildPhases = (
				E337E38C2FC3383E0039D356 /* Sources */,
				E337E38D2FC3383E0039D356 /* Frameworks */,
				E337E38E2FC3383E0039D356 /* Resources */,
			);
			buildRules = (
			);
			dependencies = (
				E337E3922FC3383E0039D356 /* PBXTargetDependency */,
			);
			fileSystemSynchronizedGroups = (
				E337E3932FC3383E0039D356 /* Kabelwaechter iOSUITests */,
			);
			name = KabelwaechterUITests;
			productName = "Kabelwaechter iOSUITests";
			productReference = E337E3902FC3383E0039D356 /* KabelwaechterUITests.xctest */;
			productType = "com.apple.product-type.bundle.ui-testing";
		};
		E337E3A72FC339800039D356 /* Kabelwaechter tvOS */ = {
			isa = PBXNativeTarget;
			buildConfigurationList = E337E3CB2FC339820039D356 /* Build configuration list for PBXNativeTarget "Kabelwaechter tvOS" */;
			buildPhases = (
				E337E3A42FC339800039D356 /* Sources */,
				E337E3A52FC339800039D356 /* Frameworks */,
				E337E3A62FC339800039D356 /* Resources */,
				E337E3E82FC33A990039D356 /* Embed Foundation Extensions */,
			);
			buildRules = (
			);
			dependencies = (
				E337E3E22FC33A990039D356 /* PBXTargetDependency */,
			);
			fileSystemSynchronizedGroups = (
				E337E3A92FC339800039D356 /* Kabelwaechter tvOS */,
			);
			name = "Kabelwaechter tvOS";
			packageProductDependencies = (
				E337E3EC2FC33F1D0039D356 /* KabelwaechterCore */,
				E337E3F22FC700020039D356 /* KabelwaechterPersistence */,
				C13E77571A0B803CCDE9F059 /* KabelwaechterUI */,
			);
			productName = "Kabelwaechter tvOS";
			productReference = E337E3A82FC339800039D356 /* Kabelwaechter tvOS.app */;
			productType = "com.apple.product-type.application";
		};
		E337E3B72FC339820039D356 /* Kabelwaechter tvOSTests */ = {
			isa = PBXNativeTarget;
			buildConfigurationList = E337E3CE2FC339820039D356 /* Build configuration list for PBXNativeTarget "Kabelwaechter tvOSTests" */;
			buildPhases = (
				E337E3B42FC339820039D356 /* Sources */,
				E337E3B52FC339820039D356 /* Frameworks */,
				E337E3B62FC339820039D356 /* Resources */,
			);
			buildRules = (
			);
			dependencies = (
				E337E3BA2FC339820039D356 /* PBXTargetDependency */,
			);
			fileSystemSynchronizedGroups = (
				E337E3BB2FC339820039D356 /* Kabelwaechter tvOSTests */,
			);
			name = "Kabelwaechter tvOSTests";
			productName = "Kabelwaechter tvOSTests";
			productReference = E337E3B82FC339820039D356 /* Kabelwaechter tvOSTests.xctest */;
			productType = "com.apple.product-type.bundle.unit-test";
		};
		E337E3C12FC339820039D356 /* Kabelwaechter tvOSUITests */ = {
			isa = PBXNativeTarget;
			buildConfigurationList = E337E3D12FC339820039D356 /* Build configuration list for PBXNativeTarget "Kabelwaechter tvOSUITests" */;
			buildPhases = (
				E337E3BE2FC339820039D356 /* Sources */,
				E337E3BF2FC339820039D356 /* Frameworks */,
				E337E3C02FC339820039D356 /* Resources */,
			);
			buildRules = (
			);
			dependencies = (
				E337E3C42FC339820039D356 /* PBXTargetDependency */,
			);
			fileSystemSynchronizedGroups = (
				E337E3C52FC339820039D356 /* Kabelwaechter tvOSUITests */,
			);
			name = "Kabelwaechter tvOSUITests";
			productName = "Kabelwaechter tvOSUITests";
			productReference = E337E3C22FC339820039D356 /* Kabelwaechter tvOSUITests.xctest */;
			productType = "com.apple.product-type.bundle.ui-testing";
		};
		E337E3D72FC33A990039D356 /* KabelwaechterNEtvOS */ = {
			isa = PBXNativeTarget;
			buildConfigurationList = E337E3E42FC33A990039D356 /* Build configuration list for PBXNativeTarget "KabelwaechterNEtvOS" */;
			buildPhases = (
				91A5FA4B1F1D99E554D823D2 /* Build WireGuard Go Bridge */,
				E337E3D42FC33A990039D356 /* Sources */,
				E337E3D52FC33A990039D356 /* Frameworks */,
				E337E3D62FC33A990039D356 /* Resources */,
			);
			buildRules = (
			);
			dependencies = (
			);
			fileSystemSynchronizedGroups = (
				E337E3DC2FC33A990039D356 /* KabelwaechterNEtvOS */,
			);
			name = KabelwaechterNEtvOS;
			packageProductDependencies = (
				E337E3EE2FC33F2B0039D356 /* KabelwaechterCore */,
				E3CCC1652FC342680045F7FD /* WireGuardKit */,
			);
			productName = KabelwaechterNEtvOS;
			productReference = E337E3D82FC33A990039D356 /* KabelwaechterNEtvOS.appex */;
			productType = "com.apple.product-type.app-extension";
		};
/* End PBXNativeTarget section */

/* Begin PBXProject section */
		E337E36D2FC3383C0039D356 /* Project object */ = {
			isa = PBXProject;
			attributes = {
				BuildIndependentTargetsInParallel = 1;
				LastSwiftUpdateCheck = 2630;
				LastUpgradeCheck = 2630;
				TargetAttributes = {
					E337E3742FC3383C0039D356 = {
						CreatedOnToolsVersion = 26.3;
					};
					E337E3852FC3383E0039D356 = {
						CreatedOnToolsVersion = 26.3;
						TestTargetID = E337E3742FC3383C0039D356;
					};
					E337E38F2FC3383E0039D356 = {
						CreatedOnToolsVersion = 26.3;
						TestTargetID = E337E3742FC3383C0039D356;
					};
					E337E3A72FC339800039D356 = {
						CreatedOnToolsVersion = 26.3;
					};
					E337E3B72FC339820039D356 = {
						CreatedOnToolsVersion = 26.3;
						TestTargetID = E337E3A72FC339800039D356;
					};
					E337E3C12FC339820039D356 = {
						CreatedOnToolsVersion = 26.3;
						TestTargetID = E337E3A72FC339800039D356;
					};
					E337E3D72FC33A990039D356 = {
						CreatedOnToolsVersion = 26.3;
					};
					E3CCC1672FC343580045F7FD = {
						CreatedOnToolsVersion = 26.3;
					};
				};
			};
			buildConfigurationList = E337E3702FC3383C0039D356 /* Build configuration list for PBXProject "Kabelwaechter" */;
			developmentRegion = de;
			hasScannedForEncodings = 0;
			knownRegions = (
				de,
				en,
				Base,
			);
			mainGroup = E337E36C2FC3383C0039D356;
			minimizedProjectReferenceProxies = 1;
			packageReferences = (
				E337E3E92FC33EED0039D356 /* XCLocalSwiftPackageReference "KabelwaechterCore" */,
				E3CCC1642FC342680045F7FD /* XCRemoteSwiftPackageReference "wireguard-apple-tvos" */,
			);
			preferredProjectObjectVersion = 77;
			productRefGroup = E337E3762FC3383C0039D356 /* Products */;
			projectDirPath = "";
			projectRoot = "";
			targets = (
				E337E3742FC3383C0039D356 /* Kabelwaechter */,
				E337E3852FC3383E0039D356 /* KabelwaechterTests */,
				E337E38F2FC3383E0039D356 /* KabelwaechterUITests */,
				E337E3A72FC339800039D356 /* Kabelwaechter tvOS */,
				E337E3B72FC339820039D356 /* Kabelwaechter tvOSTests */,
				E337E3C12FC339820039D356 /* Kabelwaechter tvOSUITests */,
				E337E3D72FC33A990039D356 /* KabelwaechterNEtvOS */,
				66CC1527C0B57E9E94C79642 /* KabelwaechterNEiOS */,
				B2C4946694D23C3F7CB3B230 /* Kabelwaechter macOS */,
				CE2702D3F73399C6BA1C27A3 /* KabelwaechterNEmac */,
			);
		};
/* End PBXProject section */

/* Begin PBXResourcesBuildPhase section */
		27B08E032F627B66EB8AE962 /* Resources */ = {
			isa = PBXResourcesBuildPhase;
			buildActionMask = 2147483647;
			files = (
				5B363045221AD827F32CD766 /* Assets.xcassets in Resources */,
			);
			runOnlyForDeploymentPostprocessing = 0;
		};
		8CC368FA4B94DF1306928DB3 /* Resources */ = {
			isa = PBXResourcesBuildPhase;
			buildActionMask = 2147483647;
			files = (
			);
			runOnlyForDeploymentPostprocessing = 0;
		};
		E28932A728ADE35532BFD067 /* Resources */ = {
			isa = PBXResourcesBuildPhase;
			buildActionMask = 2147483647;
			files = (
			);
			runOnlyForDeploymentPostprocessing = 0;
		};
		E337E3732FC3383C0039D356 /* Resources */ = {
			isa = PBXResourcesBuildPhase;
			buildActionMask = 2147483647;
			files = (
			);
			runOnlyForDeploymentPostprocessing = 0;
		};
		E337E3842FC3383E0039D356 /* Resources */ = {
			isa = PBXResourcesBuildPhase;
			buildActionMask = 2147483647;
			files = (
			);
			runOnlyForDeploymentPostprocessing = 0;
		};
		E337E38E2FC3383E0039D356 /* Resources */ = {
			isa = PBXResourcesBuildPhase;
			buildActionMask = 2147483647;
			files = (
			);
			runOnlyForDeploymentPostprocessing = 0;
		};
		E337E3A62FC339800039D356 /* Resources */ = {
			isa = PBXResourcesBuildPhase;
			buildActionMask = 2147483647;
			files = (
			);
			runOnlyForDeploymentPostprocessing = 0;
		};
		E337E3B62FC339820039D356 /* Resources */ = {
			isa = PBXResourcesBuildPhase;
			buildActionMask = 2147483647;
			files = (
			);
			runOnlyForDeploymentPostprocessing = 0;
		};
		E337E3C02FC339820039D356 /* Resources */ = {
			isa = PBXResourcesBuildPhase;
			buildActionMask = 2147483647;
			files = (
			);
			runOnlyForDeploymentPostprocessing = 0;
		};
		E337E3D62FC33A990039D356 /* Resources */ = {
			isa = PBXResourcesBuildPhase;
			buildActionMask = 2147483647;
			files = (
			);
			runOnlyForDeploymentPostprocessing = 0;
		};
/* End PBXResourcesBuildPhase section */

/* Begin PBXShellScriptBuildPhase section */
		91A5FA4B1F1D99E554D823D2 /* Build WireGuard Go Bridge */ = {
			isa = PBXShellScriptBuildPhase;
			buildActionMask = 2147483647;
			files = (
			);
			inputFileListPaths = (
			);
			inputPaths = (
			);
			name = "Build WireGuard Go Bridge";
			outputFileListPaths = (
			);
			outputPaths = (
				"$(BUILT_PRODUCTS_DIR)/libwg-go.a",
			);
			runOnlyForDeploymentPostprocessing = 0;
			shellPath = /bin/sh;
			shellScript = "set -e\nSRC=\"${BUILD_DIR%/Build/*}/SourcePackages/checkouts/wireguard-apple-tvos/Sources/WireGuardKitGo\"\nOUT=\"${BUILD_DIR%/Build/*}/kwgobridge/${PLATFORM_NAME}-${CONFIGURATION}\"\nexport PATH=\"/opt/homebrew/bin:/usr/local/bin:/usr/bin:${PATH}\"\ncd \"$SRC\"\nmake PLATFORM_NAME=iphoneos CONFIGURATION_BUILD_DIR=\"$OUT/out\" CONFIGURATION_TEMP_DIR=\"$OUT/tmp\"\nmkdir -p \"$BUILT_PRODUCTS_DIR\"\ncp \"$OUT/out/libwg-go.a\" \"$BUILT_PRODUCTS_DIR/libwg-go.a\"\n";
		};
		982B5C8BD871C25FB23A1E24 /* Build WireGuard Go Bridge */ = {
			isa = PBXShellScriptBuildPhase;
			buildActionMask = 2147483647;
			files = (
			);
			inputFileListPaths = (
			);
			inputPaths = (
			);
			name = "Build WireGuard Go Bridge";
			outputFileListPaths = (
			);
			outputPaths = (
			);
			runOnlyForDeploymentPostprocessing = 0;
			shellPath = /bin/sh;
			shellScript = "set -e\nSRC=\"${BUILD_DIR%/Build/*}/SourcePackages/checkouts/wireguard-apple-tvos/Sources/WireGuardKitGo\"\nOUT=\"${BUILD_DIR%/Build/*}/kwgobridge/${PLATFORM_NAME}-${CONFIGURATION}\"\nexport PATH=\"/opt/homebrew/bin:/usr/local/bin:/usr/bin:${PATH}\"\ncd \"$SRC\"\nmake CONFIGURATION_BUILD_DIR=\"$OUT/out\" CONFIGURATION_TEMP_DIR=\"$OUT/tmp\"\nmkdir -p \"$BUILT_PRODUCTS_DIR\"\ncp \"$OUT/out/libwg-go.a\" \"$BUILT_PRODUCTS_DIR/libwg-go.a\"\n";
		};
		F5242115A33711E5C623B0D0 /* Build WireGuard Go Bridge */ = {
			isa = PBXShellScriptBuildPhase;
			buildActionMask = 2147483647;
			files = (
			);
			inputFileListPaths = (
			);
			inputPaths = (
			);
			name = "Build WireGuard Go Bridge";
			outputFileListPaths = (
			);
			outputPaths = (
				"$(BUILT_PRODUCTS_DIR)/libwg-go.a",
			);
			runOnlyForDeploymentPostprocessing = 0;
			shellPath = /bin/sh;
			shellScript = "set -e\nSRC=\"${BUILD_DIR%/Build/*}/SourcePackages/checkouts/wireguard-apple-tvos/Sources/WireGuardKitGo\"\nOUT=\"${BUILD_DIR%/Build/*}/kwgobridge/${PLATFORM_NAME}-${CONFIGURATION}\"\nexport PATH=\"/opt/homebrew/bin:/usr/local/bin:/usr/bin:${PATH}\"\ncd \"$SRC\"\nmake CONFIGURATION_BUILD_DIR=\"$OUT/out\" CONFIGURATION_TEMP_DIR=\"$OUT/tmp\"\nmkdir -p \"$BUILT_PRODUCTS_DIR\"\ncp \"$OUT/out/libwg-go.a\" \"$BUILT_PRODUCTS_DIR/libwg-go.a\"\n";
		};
/* End PBXShellScriptBuildPhase section */

/* Begin PBXSourcesBuildPhase section */
		1359CFB21AAABC3AB8DAC404 /* Sources */ = {
			isa = PBXSourcesBuildPhase;
			buildActionMask = 2147483647;
			files = (
				7446294C0C01C566E40B2BCE /* PacketTunnelProvider.swift in Sources */,
				91FAC417D50356D097545858 /* CoreToWireGuardKit.swift in Sources */,
			);
			runOnlyForDeploymentPostprocessing = 0;
		};
		36E01065AA815F72BE1AFCCC /* Sources */ = {
			isa = PBXSourcesBuildPhase;
			buildActionMask = 2147483647;
			files = (
				D04B6B9DAE05227C743719F4 /* KabelwaechterMacApp.swift in Sources */,
				3540D07C073EBAAD7E1DD2D6 /* MacAppEnvironment.swift in Sources */,
				10A85F122B8388E6BCFC5C15 /* MacContentView.swift in Sources */,
				268CCAB5921204AA273E9E06 /* TunnelManager.swift in Sources */,
				0993C5C938CA66739DE7C323 /* MacOnboardingView.swift in Sources */,
				FC377482DDD100E3B0F03207 /* MacSettingsView.swift in Sources */,
				F72B2707060ED7894BFB0D14 /* MacAddTunnelView.swift in Sources */,
				FC40E996C535032E5F708BC5 /* MacMenuBar.swift in Sources */,
			);
			runOnlyForDeploymentPostprocessing = 0;
		};
		452FDA5BD6A02433EB18E171 /* Sources */ = {
			isa = PBXSourcesBuildPhase;
			buildActionMask = 2147483647;
			files = (
				C4C8BA2F4750097466A61CFC /* PacketTunnelProvider.swift in Sources */,
				7D98AD939D3E27136D7EFBC0 /* CoreToWireGuardKit.swift in Sources */,
			);
			runOnlyForDeploymentPostprocessing = 0;
		};
		E337E3712FC3383C0039D356 /* Sources */ = {
			isa = PBXSourcesBuildPhase;
			buildActionMask = 2147483647;
			files = (
			);
			runOnlyForDeploymentPostprocessing = 0;
		};
		E337E3822FC3383E0039D356 /* Sources */ = {
			isa = PBXSourcesBuildPhase;
			buildActionMask = 2147483647;
			files = (
			);
			runOnlyForDeploymentPostprocessing = 0;
		};
		E337E38C2FC3383E0039D356 /* Sources */ = {
			isa = PBXSourcesBuildPhase;
			buildActionMask = 2147483647;
			files = (
			);
			runOnlyForDeploymentPostprocessing = 0;
		};
		E337E3A42FC339800039D356 /* Sources */ = {
			isa = PBXSourcesBuildPhase;
			buildActionMask = 2147483647;
			files = (
			);
			runOnlyForDeploymentPostprocessing = 0;
		};
		E337E3B42FC339820039D356 /* Sources */ = {
			isa = PBXSourcesBuildPhase;
			buildActionMask = 2147483647;
			files = (
			);
			runOnlyForDeploymentPostprocessing = 0;
		};
		E337E3BE2FC339820039D356 /* Sources */ = {
			isa = PBXSourcesBuildPhase;
			buildActionMask = 2147483647;
			files = (
			);
			runOnlyForDeploymentPostprocessing = 0;
		};
		E337E3D42FC33A990039D356 /* Sources */ = {
			isa = PBXSourcesBuildPhase;
			buildActionMask = 2147483647;
			files = (
			);
			runOnlyForDeploymentPostprocessing = 0;
		};
/* End PBXSourcesBuildPhase section */

/* Begin PBXTargetDependency section */
		4F9430F804377637B85F8A64 /* PBXTargetDependency */ = {
			isa = PBXTargetDependency;
			name = KabelwaechterNEiOS;
			target = 66CC1527C0B57E9E94C79642 /* KabelwaechterNEiOS */;
			targetProxy = 20AA75230E7304725B023BCC /* PBXContainerItemProxy */;
		};
		E337E3882FC3383E0039D356 /* PBXTargetDependency */ = {
			isa = PBXTargetDependency;
			target = E337E3742FC3383C0039D356 /* Kabelwaechter */;
			targetProxy = E337E3872FC3383E0039D356 /* PBXContainerItemProxy */;
		};
		E337E3922FC3383E0039D356 /* PBXTargetDependency */ = {
			isa = PBXTargetDependency;
			target = E337E3742FC3383C0039D356 /* Kabelwaechter */;
			targetProxy = E337E3912FC3383E0039D356 /* PBXContainerItemProxy */;
		};
		E337E3BA2FC339820039D356 /* PBXTargetDependency */ = {
			isa = PBXTargetDependency;
			target = E337E3A72FC339800039D356 /* Kabelwaechter tvOS */;
			targetProxy = E337E3B92FC339820039D356 /* PBXContainerItemProxy */;
		};
		E337E3C42FC339820039D356 /* PBXTargetDependency */ = {
			isa = PBXTargetDependency;
			target = E337E3A72FC339800039D356 /* Kabelwaechter tvOS */;
			targetProxy = E337E3C32FC339820039D356 /* PBXContainerItemProxy */;
		};
		E337E3E22FC33A990039D356 /* PBXTargetDependency */ = {
			isa = PBXTargetDependency;
			target = E337E3D72FC33A990039D356 /* KabelwaechterNEtvOS */;
			targetProxy = E337E3E12FC33A990039D356 /* PBXContainerItemProxy */;
		};
		F7997B1341372440444C46AE /* PBXTargetDependency */ = {
			isa = PBXTargetDependency;
			name = KabelwaechterNEmac;
			target = CE2702D3F73399C6BA1C27A3 /* KabelwaechterNEmac */;
			targetProxy = 903C9D5226AB36036754B253 /* PBXContainerItemProxy */;
		};
/* End PBXTargetDependency section */

/* Begin XCBuildConfiguration section */
		0D0776A4C72CDCEFFAC4A3B5 /* Debug */ = {
			isa = XCBuildConfiguration;
			buildSettings = {
				CLANG_ENABLE_OBJC_WEAK = NO;
				CODE_SIGN_ENTITLEMENTS = KabelwaechterNEiOS/KabelwaechterNEiOS.entitlements;
				CURRENT_PROJECT_VERSION = 3;
				ENABLE_USER_SCRIPT_SANDBOXING = NO;
				GENERATE_INFOPLIST_FILE = YES;
				INFOPLIST_FILE = KabelwaechterNEiOS/Info.plist;
				INFOPLIST_KEY_CFBundleDisplayName = KabelwaechterNEiOS;
				IPHONEOS_DEPLOYMENT_TARGET = 17.6;
				LD_RUNPATH_SEARCH_PATHS = (
					"$(inherited)",
					"@executable_path/Frameworks",
					"@executable_path/../../Frameworks",
				);
				MARKETING_VERSION = 1.0.3;
				PRODUCT_BUNDLE_IDENTIFIER = de.jankaluza.kabelwaechter.ios.networkextension;
				PRODUCT_NAME = "$(TARGET_NAME)";
				SDKROOT = iphoneos;
				SWIFT_VERSION = 5.0;
				TARGETED_DEVICE_FAMILY = "1,2";
			};
			name = Debug;
		};
		1E8A482D1E552792327F384B /* Debug */ = {
			isa = XCBuildConfiguration;
			buildSettings = {
				CODE_SIGN_ENTITLEMENTS = KabelwaechterNEmac/KabelwaechterNEmac.entitlements;
				CODE_SIGN_STYLE = Automatic;
				CURRENT_PROJECT_VERSION = 3;
				DEVELOPMENT_TEAM = 8D5SQU94MF;
				ENABLE_HARDENED_RUNTIME = YES;
				ENABLE_USER_SCRIPT_SANDBOXING = NO;
				GENERATE_INFOPLIST_FILE = YES;
				INFOPLIST_FILE = KabelwaechterNEmac/Info.plist;
				INFOPLIST_KEY_CFBundleDisplayName = KabelwaechterNEmac;
				LD_RUNPATH_SEARCH_PATHS = (
					"$(inherited)",
					"@executable_path/../Frameworks",
					"@executable_path/../../../../Frameworks",
				);
				MACOSX_DEPLOYMENT_TARGET = 14.0;
				MARKETING_VERSION = 1.0.3;
				PRODUCT_BUNDLE_IDENTIFIER = de.jankaluza.kabelwaechter.mac.networkextension;
				PRODUCT_NAME = "$(TARGET_NAME)";
				SDKROOT = macosx;
				STRING_CATALOG_GENERATE_SYMBOLS = NO;
				SWIFT_EMIT_LOC_STRINGS = YES;
				SWIFT_VERSION = 5.0;
			};
			name = Debug;
		};
		406CB166995A8AB30D69579F /* Release */ = {
			isa = XCBuildConfiguration;
			buildSettings = {
				CODE_SIGN_ENTITLEMENTS = KabelwaechterNEmac/KabelwaechterNEmac.entitlements;
				CODE_SIGN_STYLE = Automatic;
				CURRENT_PROJECT_VERSION = 3;
				DEVELOPMENT_TEAM = 8D5SQU94MF;
				ENABLE_HARDENED_RUNTIME = YES;
				ENABLE_USER_SCRIPT_SANDBOXING = NO;
				GENERATE_INFOPLIST_FILE = YES;
				INFOPLIST_FILE = KabelwaechterNEmac/Info.plist;
				INFOPLIST_KEY_CFBundleDisplayName = KabelwaechterNEmac;
				LD_RUNPATH_SEARCH_PATHS = (
					"$(inherited)",
					"@executable_path/../Frameworks",
					"@executable_path/../../../../Frameworks",
				);
				MACOSX_DEPLOYMENT_TARGET = 14.0;
				MARKETING_VERSION = 1.0.3;
				PRODUCT_BUNDLE_IDENTIFIER = de.jankaluza.kabelwaechter.mac.networkextension;
				PRODUCT_NAME = "$(TARGET_NAME)";
				SDKROOT = macosx;
				STRING_CATALOG_GENERATE_SYMBOLS = NO;
				SWIFT_EMIT_LOC_STRINGS = YES;
				SWIFT_VERSION = 5.0;
			};
			name = Release;
		};
		C76EB56EA3FA3B5D4754D4E7 /* Release */ = {
			isa = XCBuildConfiguration;
			buildSettings = {
				ASSETCATALOG_COMPILER_APPICON_NAME = AppIcon;
				ASSETCATALOG_COMPILER_GLOBAL_ACCENT_COLOR_NAME = AccentColor;
				CODE_SIGN_ENTITLEMENTS = "Kabelwaechter macOS/Kabelwaechter_macOS.entitlements";
				CODE_SIGN_STYLE = Automatic;
				COMBINE_HIDPI_IMAGES = YES;
				CURRENT_PROJECT_VERSION = 3;
				DEVELOPMENT_TEAM = 8D5SQU94MF;
				ENABLE_HARDENED_RUNTIME = YES;
				ENABLE_PREVIEWS = YES;
				GENERATE_INFOPLIST_FILE = YES;
				INFOPLIST_KEY_CFBundleDisplayName = "Kabelwächter";
				INFOPLIST_KEY_LSApplicationCategoryType = "public.app-category.utilities";
				LD_RUNPATH_SEARCH_PATHS = (
					"$(inherited)",
					"@executable_path/../Frameworks",
				);
				MACOSX_DEPLOYMENT_TARGET = 14.0;
				MARKETING_VERSION = 1.0.3;
				PRODUCT_BUNDLE_IDENTIFIER = de.jankaluza.kabelwaechter.mac;
				PRODUCT_NAME = Kabelwaechter;
				SDKROOT = macosx;
				STRING_CATALOG_GENERATE_SYMBOLS = NO;
				SWIFT_EMIT_LOC_STRINGS = YES;
				SWIFT_VERSION = 5.0;
			};
			name = Release;
		};
		D45E28F51BD2D91702139B1A /* Debug */ = {
			isa = XCBuildConfiguration;
			buildSettings = {
				ASSETCATALOG_COMPILER_APPICON_NAME = AppIcon;
				ASSETCATALOG_COMPILER_GLOBAL_ACCENT_COLOR_NAME = AccentColor;
				CODE_SIGN_ENTITLEMENTS = "Kabelwaechter macOS/Kabelwaechter_macOS.entitlements";
				CODE_SIGN_STYLE = Automatic;
				COMBINE_HIDPI_IMAGES = YES;
				CURRENT_PROJECT_VERSION = 3;
				DEVELOPMENT_TEAM = 8D5SQU94MF;
				ENABLE_HARDENED_RUNTIME = YES;
				ENABLE_PREVIEWS = YES;
				GENERATE_INFOPLIST_FILE = YES;
				INFOPLIST_KEY_CFBundleDisplayName = "Kabelwächter";
				INFOPLIST_KEY_LSApplicationCategoryType = "public.app-category.utilities";
				LD_RUNPATH_SEARCH_PATHS = (
					"$(inherited)",
					"@executable_path/../Frameworks",
				);
				MACOSX_DEPLOYMENT_TARGET = 14.0;
				MARKETING_VERSION = 1.0.3;
				PRODUCT_BUNDLE_IDENTIFIER = de.jankaluza.kabelwaechter.mac;
				PRODUCT_NAME = Kabelwaechter;
				SDKROOT = macosx;
				STRING_CATALOG_GENERATE_SYMBOLS = NO;
				SWIFT_EMIT_LOC_STRINGS = YES;
				SWIFT_VERSION = 5.0;
			};
			name = Debug;
		};
		DBF130399D0B0BE78192B037 /* Release */ = {
			isa = XCBuildConfiguration;
			buildSettings = {
				CLANG_ENABLE_OBJC_WEAK = NO;
				CODE_SIGN_ENTITLEMENTS = KabelwaechterNEiOS/KabelwaechterNEiOS.entitlements;
				CURRENT_PROJECT_VERSION = 3;
				ENABLE_USER_SCRIPT_SANDBOXING = NO;
				GENERATE_INFOPLIST_FILE = YES;
				INFOPLIST_FILE = KabelwaechterNEiOS/Info.plist;
				INFOPLIST_KEY_CFBundleDisplayName = KabelwaechterNEiOS;
				IPHONEOS_DEPLOYMENT_TARGET = 17.6;
				LD_RUNPATH_SEARCH_PATHS = (
					"$(inherited)",
					"@executable_path/Frameworks",
					"@executable_path/../../Frameworks",
				);
				MARKETING_VERSION = 1.0.3;
				PRODUCT_BUNDLE_IDENTIFIER = de.jankaluza.kabelwaechter.ios.networkextension;
				PRODUCT_NAME = "$(TARGET_NAME)";
				SDKROOT = iphoneos;
				SWIFT_VERSION = 5.0;
				TARGETED_DEVICE_FAMILY = "1,2";
				VALIDATE_PRODUCT = YES;
			};
			name = Release;
		};
		E337E39A2FC3383E0039D356 /* Debug */ = {
			isa = XCBuildConfiguration;
			buildSettings = {
				ASSETCATALOG_COMPILER_APPICON_NAME = AppIcon;
				ASSETCATALOG_COMPILER_GLOBAL_ACCENT_COLOR_NAME = AccentColor;
				CODE_SIGN_ENTITLEMENTS = "Kabelwaechter iOS/Kabelwaechter_iOS.entitlements";
				CODE_SIGN_STYLE = Automatic;
				CURRENT_PROJECT_VERSION = 3;
				DEVELOPMENT_TEAM = 8D5SQU94MF;
				ENABLE_PREVIEWS = YES;
				ENABLE_USER_SCRIPT_SANDBOXING = NO;
				GENERATE_INFOPLIST_FILE = YES;
				INFOPLIST_FILE = "Kabelwaechter iOS/Info.plist";
				INFOPLIST_KEY_CFBundleDisplayName = KBLW;
				INFOPLIST_KEY_ITSAppUsesNonExemptEncryption = NO;
				INFOPLIST_KEY_UIApplicationSceneManifest_Generation = YES;
				INFOPLIST_KEY_UIApplicationSupportsIndirectInputEvents = YES;
				INFOPLIST_KEY_UILaunchScreen_Generation = YES;
				INFOPLIST_KEY_UISupportedInterfaceOrientations_iPad = "UIInterfaceOrientationPortrait UIInterfaceOrientationPortraitUpsideDown UIInterfaceOrientationLandscapeLeft UIInterfaceOrientationLandscapeRight";
				INFOPLIST_KEY_UISupportedInterfaceOrientations_iPhone = "UIInterfaceOrientationPortrait UIInterfaceOrientationLandscapeLeft UIInterfaceOrientationLandscapeRight";
				IPHONEOS_DEPLOYMENT_TARGET = 17.6;
				LD_RUNPATH_SEARCH_PATHS = (
					"$(inherited)",
					"@executable_path/Frameworks",
				);
				MARKETING_VERSION = 1.0.3;
				PRODUCT_BUNDLE_IDENTIFIER = de.jankaluza.kabelwaechter.ios;
				PRODUCT_NAME = "$(TARGET_NAME)";
				STRING_CATALOG_GENERATE_SYMBOLS = NO;
				SWIFT_APPROACHABLE_CONCURRENCY = YES;
				SWIFT_DEFAULT_ACTOR_ISOLATION = MainActor;
				SWIFT_EMIT_LOC_STRINGS = YES;
				SWIFT_UPCOMING_FEATURE_MEMBER_IMPORT_VISIBILITY = YES;
				SWIFT_VERSION = 5.0;
				TARGETED_DEVICE_FAMILY = "1,2";
			};
			name = Debug;
		};
		E337E39B2FC3383E0039D356 /* Release */ = {
			isa = XCBuildConfiguration;
			buildSettings = {
				ASSETCATALOG_COMPILER_APPICON_NAME = AppIcon;
				ASSETCATALOG_COMPILER_GLOBAL_ACCENT_COLOR_NAME = AccentColor;
				CODE_SIGN_ENTITLEMENTS = "Kabelwaechter iOS/Kabelwaechter_iOS.entitlements";
				CODE_SIGN_STYLE = Automatic;
				CURRENT_PROJECT_VERSION = 3;
				DEVELOPMENT_TEAM = 8D5SQU94MF;
				ENABLE_PREVIEWS = YES;
				ENABLE_USER_SCRIPT_SANDBOXING = NO;
				GENERATE_INFOPLIST_FILE = YES;
				INFOPLIST_FILE = "Kabelwaechter iOS/Info.plist";
				INFOPLIST_KEY_CFBundleDisplayName = KBLW;
				INFOPLIST_KEY_ITSAppUsesNonExemptEncryption = NO;
				INFOPLIST_KEY_UIApplicationSceneManifest_Generation = YES;
				INFOPLIST_KEY_UIApplicationSupportsIndirectInputEvents = YES;
				INFOPLIST_KEY_UILaunchScreen_Generation = YES;
				INFOPLIST_KEY_UISupportedInterfaceOrientations_iPad = "UIInterfaceOrientationPortrait UIInterfaceOrientationPortraitUpsideDown UIInterfaceOrientationLandscapeLeft UIInterfaceOrientationLandscapeRight";
				INFOPLIST_KEY_UISupportedInterfaceOrientations_iPhone = "UIInterfaceOrientationPortrait UIInterfaceOrientationLandscapeLeft UIInterfaceOrientationLandscapeRight";
				IPHONEOS_DEPLOYMENT_TARGET = 17.6;
				LD_RUNPATH_SEARCH_PATHS = (
					"$(inherited)",
					"@executable_path/Frameworks",
				);
				MARKETING_VERSION = 1.0.3;
				PRODUCT_BUNDLE_IDENTIFIER = de.jankaluza.kabelwaechter.ios;
				PRODUCT_NAME = "$(TARGET_NAME)";
				STRING_CATALOG_GENERATE_SYMBOLS = NO;
				SWIFT_APPROACHABLE_CONCURRENCY = YES;
				SWIFT_DEFAULT_ACTOR_ISOLATION = MainActor;
				SWIFT_EMIT_LOC_STRINGS = YES;
				SWIFT_UPCOMING_FEATURE_MEMBER_IMPORT_VISIBILITY = YES;
				SWIFT_VERSION = 5.0;
				TARGETED_DEVICE_FAMILY = "1,2";
			};
			name = Release;
		};
		E337E39C2FC3383E0039D356 /* Debug */ = {
			isa = XCBuildConfiguration;
			buildSettings = {
				ALWAYS_SEARCH_USER_PATHS = NO;
				ASSETCATALOG_COMPILER_GENERATE_SWIFT_ASSET_SYMBOL_EXTENSIONS = YES;
				CLANG_ANALYZER_NONNULL = YES;
				CLANG_ANALYZER_NUMBER_OBJECT_CONVERSION = YES_AGGRESSIVE;
				CLANG_CXX_LANGUAGE_STANDARD = "gnu++20";
				CLANG_ENABLE_MODULES = YES;
				CLANG_ENABLE_OBJC_ARC = YES;
				CLANG_ENABLE_OBJC_WEAK = YES;
				CLANG_WARN_BLOCK_CAPTURE_AUTORELEASING = YES;
				CLANG_WARN_BOOL_CONVERSION = YES;
				CLANG_WARN_COMMA = YES;
				CLANG_WARN_CONSTANT_CONVERSION = YES;
				CLANG_WARN_DEPRECATED_OBJC_IMPLEMENTATIONS = YES;
				CLANG_WARN_DIRECT_OBJC_ISA_USAGE = YES_ERROR;
				CLANG_WARN_DOCUMENTATION_COMMENTS = YES;
				CLANG_WARN_EMPTY_BODY = YES;
				CLANG_WARN_ENUM_CONVERSION = YES;
				CLANG_WARN_INFINITE_RECURSION = YES;
				CLANG_WARN_INT_CONVERSION = YES;
				CLANG_WARN_NON_LITERAL_NULL_CONVERSION = YES;
				CLANG_WARN_OBJC_IMPLICIT_RETAIN_SELF = YES;
				CLANG_WARN_OBJC_LITERAL_CONVERSION = YES;
				CLANG_WARN_OBJC_ROOT_CLASS = YES_ERROR;
				CLANG_WARN_QUOTED_INCLUDE_IN_FRAMEWORK_HEADER = YES;
				CLANG_WARN_RANGE_LOOP_ANALYSIS = YES;
				CLANG_WARN_STRICT_PROTOTYPES = YES;
				CLANG_WARN_SUSPICIOUS_MOVE = YES;
				CLANG_WARN_UNGUARDED_AVAILABILITY = YES_AGGRESSIVE;
				CLANG_WARN_UNREACHABLE_CODE = YES;
				CLANG_WARN__DUPLICATE_METHOD_MATCH = YES;
				COPY_PHASE_STRIP = NO;
				DEBUG_INFORMATION_FORMAT = dwarf;
				DEVELOPMENT_TEAM = 8D5SQU94MF;
				ENABLE_STRICT_OBJC_MSGSEND = YES;
				ENABLE_TESTABILITY = YES;
				ENABLE_USER_SCRIPT_SANDBOXING = YES;
				GCC_C_LANGUAGE_STANDARD = gnu17;
				GCC_DYNAMIC_NO_PIC = NO;
				GCC_NO_COMMON_BLOCKS = YES;
				GCC_OPTIMIZATION_LEVEL = 0;
				GCC_PREPROCESSOR_DEFINITIONS = (
					"DEBUG=1",
					"$(inherited)",
				);
				GCC_WARN_64_TO_32_BIT_CONVERSION = YES;
				GCC_WARN_ABOUT_RETURN_TYPE = YES_ERROR;
				GCC_WARN_UNDECLARED_SELECTOR = YES;
				GCC_WARN_UNINITIALIZED_AUTOS = YES_AGGRESSIVE;
				GCC_WARN_UNUSED_FUNCTION = YES;
				GCC_WARN_UNUSED_VARIABLE = YES;
				IPHONEOS_DEPLOYMENT_TARGET = 26.2;
				LOCALIZATION_PREFERS_STRING_CATALOGS = YES;
				MTL_ENABLE_DEBUG_INFO = INCLUDE_SOURCE;
				MTL_FAST_MATH = YES;
				ONLY_ACTIVE_ARCH = YES;
				SDKROOT = iphoneos;
				SWIFT_ACTIVE_COMPILATION_CONDITIONS = "DEBUG $(inherited)";
				SWIFT_OPTIMIZATION_LEVEL = "-Onone";
			};
			name = Debug;
		};
		E337E39D2FC3383E0039D356 /* Release */ = {
			isa = XCBuildConfiguration;
			buildSettings = {
				ALWAYS_SEARCH_USER_PATHS = NO;
				ASSETCATALOG_COMPILER_GENERATE_SWIFT_ASSET_SYMBOL_EXTENSIONS = YES;
				CLANG_ANALYZER_NONNULL = YES;
				CLANG_ANALYZER_NUMBER_OBJECT_CONVERSION = YES_AGGRESSIVE;
				CLANG_CXX_LANGUAGE_STANDARD = "gnu++20";
				CLANG_ENABLE_MODULES = YES;
				CLANG_ENABLE_OBJC_ARC = YES;
				CLANG_ENABLE_OBJC_WEAK = YES;
				CLANG_WARN_BLOCK_CAPTURE_AUTORELEASING = YES;
				CLANG_WARN_BOOL_CONVERSION = YES;
				CLANG_WARN_COMMA = YES;
				CLANG_WARN_CONSTANT_CONVERSION = YES;
				CLANG_WARN_DEPRECATED_OBJC_IMPLEMENTATIONS = YES;
				CLANG_WARN_DIRECT_OBJC_ISA_USAGE = YES_ERROR;
				CLANG_WARN_DOCUMENTATION_COMMENTS = YES;
				CLANG_WARN_EMPTY_BODY = YES;
				CLANG_WARN_ENUM_CONVERSION = YES;
				CLANG_WARN_INFINITE_RECURSION = YES;
				CLANG_WARN_INT_CONVERSION = YES;
				CLANG_WARN_NON_LITERAL_NULL_CONVERSION = YES;
				CLANG_WARN_OBJC_IMPLICIT_RETAIN_SELF = YES;
				CLANG_WARN_OBJC_LITERAL_CONVERSION = YES;
				CLANG_WARN_OBJC_ROOT_CLASS = YES_ERROR;
				CLANG_WARN_QUOTED_INCLUDE_IN_FRAMEWORK_HEADER = YES;
				CLANG_WARN_RANGE_LOOP_ANALYSIS = YES;
				CLANG_WARN_STRICT_PROTOTYPES = YES;
				CLANG_WARN_SUSPICIOUS_MOVE = YES;
				CLANG_WARN_UNGUARDED_AVAILABILITY = YES_AGGRESSIVE;
				CLANG_WARN_UNREACHABLE_CODE = YES;
				CLANG_WARN__DUPLICATE_METHOD_MATCH = YES;
				COPY_PHASE_STRIP = NO;
				DEBUG_INFORMATION_FORMAT = "dwarf-with-dsym";
				DEVELOPMENT_TEAM = 8D5SQU94MF;
				ENABLE_NS_ASSERTIONS = NO;
				ENABLE_STRICT_OBJC_MSGSEND = YES;
				ENABLE_USER_SCRIPT_SANDBOXING = YES;
				GCC_C_LANGUAGE_STANDARD = gnu17;
				GCC_NO_COMMON_BLOCKS = YES;
				GCC_WARN_64_TO_32_BIT_CONVERSION = YES;
				GCC_WARN_ABOUT_RETURN_TYPE = YES_ERROR;
				GCC_WARN_UNDECLARED_SELECTOR = YES;
				GCC_WARN_UNINITIALIZED_AUTOS = YES_AGGRESSIVE;
				GCC_WARN_UNUSED_FUNCTION = YES;
				GCC_WARN_UNUSED_VARIABLE = YES;
				IPHONEOS_DEPLOYMENT_TARGET = 26.2;
				LOCALIZATION_PREFERS_STRING_CATALOGS = YES;
				MTL_ENABLE_DEBUG_INFO = NO;
				MTL_FAST_MATH = YES;
				SDKROOT = iphoneos;
				SWIFT_COMPILATION_MODE = wholemodule;
				VALIDATE_PRODUCT = YES;
			};
			name = Release;
		};
		E337E39F2FC3383E0039D356 /* Debug */ = {
			isa = XCBuildConfiguration;
			buildSettings = {
				BUNDLE_LOADER = "$(TEST_HOST)";
				CODE_SIGN_STYLE = Automatic;
				CURRENT_PROJECT_VERSION = 3;
				DEVELOPMENT_TEAM = 8D5SQU94MF;
				GENERATE_INFOPLIST_FILE = YES;
				IPHONEOS_DEPLOYMENT_TARGET = 26.2;
				MARKETING_VERSION = 1.0.3;
				PRODUCT_BUNDLE_IDENTIFIER = "de.jankaluza.kabelwaechter.Kabelwaechter-iOSTests";
				PRODUCT_NAME = "$(TARGET_NAME)";
				STRING_CATALOG_GENERATE_SYMBOLS = NO;
				SWIFT_APPROACHABLE_CONCURRENCY = YES;
				SWIFT_EMIT_LOC_STRINGS = NO;
				SWIFT_UPCOMING_FEATURE_MEMBER_IMPORT_VISIBILITY = YES;
				SWIFT_VERSION = 5.0;
				TARGETED_DEVICE_FAMILY = "1,2";
				TEST_HOST = "$(BUILT_PRODUCTS_DIR)/Kabelwaechter.app/$(BUNDLE_EXECUTABLE_FOLDER_PATH)/Kabelwaechter";
			};
			name = Debug;
		};
		E337E3A02FC3383E0039D356 /* Release */ = {
			isa = XCBuildConfiguration;
			buildSettings = {
				BUNDLE_LOADER = "$(TEST_HOST)";
				CODE_SIGN_STYLE = Automatic;
				CURRENT_PROJECT_VERSION = 3;
				DEVELOPMENT_TEAM = 8D5SQU94MF;
				GENERATE_INFOPLIST_FILE = YES;
				IPHONEOS_DEPLOYMENT_TARGET = 26.2;
				MARKETING_VERSION = 1.0.3;
				PRODUCT_BUNDLE_IDENTIFIER = "de.jankaluza.kabelwaechter.Kabelwaechter-iOSTests";
				PRODUCT_NAME = "$(TARGET_NAME)";
				STRING_CATALOG_GENERATE_SYMBOLS = NO;
				SWIFT_APPROACHABLE_CONCURRENCY = YES;
				SWIFT_EMIT_LOC_STRINGS = NO;
				SWIFT_UPCOMING_FEATURE_MEMBER_IMPORT_VISIBILITY = YES;
				SWIFT_VERSION = 5.0;
				TARGETED_DEVICE_FAMILY = "1,2";
				TEST_HOST = "$(BUILT_PRODUCTS_DIR)/Kabelwaechter.app/$(BUNDLE_EXECUTABLE_FOLDER_PATH)/Kabelwaechter";
			};
			name = Release;
		};
		E337E3A22FC3383E0039D356 /* Debug */ = {
			isa = XCBuildConfiguration;
			buildSettings = {
				CODE_SIGN_STYLE = Automatic;
				CURRENT_PROJECT_VERSION = 3;
				DEVELOPMENT_TEAM = 8D5SQU94MF;
				GENERATE_INFOPLIST_FILE = YES;
				MARKETING_VERSION = 1.0.3;
				PRODUCT_BUNDLE_IDENTIFIER = "de.jankaluza.kabelwaechter.Kabelwaechter-iOSUITests";
				PRODUCT_NAME = "$(TARGET_NAME)";
				STRING_CATALOG_GENERATE_SYMBOLS = NO;
				SWIFT_APPROACHABLE_CONCURRENCY = YES;
				SWIFT_EMIT_LOC_STRINGS = NO;
				SWIFT_UPCOMING_FEATURE_MEMBER_IMPORT_VISIBILITY = YES;
				SWIFT_VERSION = 5.0;
				TARGETED_DEVICE_FAMILY = "1,2";
				TEST_TARGET_NAME = "Kabelwaechter iOS";
			};
			name = Debug;
		};
		E337E3A32FC3383E0039D356 /* Release */ = {
			isa = XCBuildConfiguration;
			buildSettings = {
				CODE_SIGN_STYLE = Automatic;
				CURRENT_PROJECT_VERSION = 3;
				DEVELOPMENT_TEAM = 8D5SQU94MF;
				GENERATE_INFOPLIST_FILE = YES;
				MARKETING_VERSION = 1.0.3;
				PRODUCT_BUNDLE_IDENTIFIER = "de.jankaluza.kabelwaechter.Kabelwaechter-iOSUITests";
				PRODUCT_NAME = "$(TARGET_NAME)";
				STRING_CATALOG_GENERATE_SYMBOLS = NO;
				SWIFT_APPROACHABLE_CONCURRENCY = YES;
				SWIFT_EMIT_LOC_STRINGS = NO;
				SWIFT_UPCOMING_FEATURE_MEMBER_IMPORT_VISIBILITY = YES;
				SWIFT_VERSION = 5.0;
				TARGETED_DEVICE_FAMILY = "1,2";
				TEST_TARGET_NAME = "Kabelwaechter iOS";
			};
			name = Release;
		};
		E337E3CC2FC339820039D356 /* Debug */ = {
			isa = XCBuildConfiguration;
			buildSettings = {
				ASSETCATALOG_COMPILER_APPICON_NAME = "App Icon & Top Shelf Image";
				ASSETCATALOG_COMPILER_GLOBAL_ACCENT_COLOR_NAME = AccentColor;
				CODE_SIGN_ENTITLEMENTS = "Kabelwaechter tvOS/Kabelwaechter_tvOS.entitlements";
				CODE_SIGN_STYLE = Automatic;
				CURRENT_PROJECT_VERSION = 3;
				DEVELOPMENT_TEAM = 8D5SQU94MF;
				ENABLE_APP_SANDBOX = YES;
				ENABLE_PREVIEWS = YES;
				ENABLE_USER_SELECTED_FILES = readonly;
				GENERATE_INFOPLIST_FILE = YES;
				INFOPLIST_FILE = "Kabelwaechter tvOS/Info.plist";
				INFOPLIST_KEY_CFBundleDisplayName = KBLW;
				INFOPLIST_KEY_ITSAppUsesNonExemptEncryption = NO;
				INFOPLIST_KEY_UILaunchScreen_Generation = YES;
				INFOPLIST_KEY_UIUserInterfaceStyle = Automatic;
				LD_RUNPATH_SEARCH_PATHS = (
					"$(inherited)",
					"@executable_path/Frameworks",
				);
				MARKETING_VERSION = 1.0.3;
				PRODUCT_BUNDLE_IDENTIFIER = de.jankaluza.kabelwaechter.tv;
				PRODUCT_NAME = "$(TARGET_NAME)";
				SDKROOT = appletvos;
				STRING_CATALOG_GENERATE_SYMBOLS = NO;
				SWIFT_APPROACHABLE_CONCURRENCY = YES;
				SWIFT_DEFAULT_ACTOR_ISOLATION = MainActor;
				SWIFT_EMIT_LOC_STRINGS = YES;
				SWIFT_UPCOMING_FEATURE_MEMBER_IMPORT_VISIBILITY = YES;
				SWIFT_VERSION = 5.0;
				TARGETED_DEVICE_FAMILY = 3;
				TVOS_DEPLOYMENT_TARGET = 17.6;
			};
			name = Debug;
		};
		E337E3CD2FC339820039D356 /* Release */ = {
			isa = XCBuildConfiguration;
			buildSettings = {
				ASSETCATALOG_COMPILER_APPICON_NAME = "App Icon & Top Shelf Image";
				ASSETCATALOG_COMPILER_GLOBAL_ACCENT_COLOR_NAME = AccentColor;
				CODE_SIGN_ENTITLEMENTS = "Kabelwaechter tvOS/Kabelwaechter_tvOS.entitlements";
				CODE_SIGN_STYLE = Automatic;
				CURRENT_PROJECT_VERSION = 3;
				DEVELOPMENT_TEAM = 8D5SQU94MF;
				ENABLE_APP_SANDBOX = YES;
				ENABLE_PREVIEWS = YES;
				ENABLE_USER_SELECTED_FILES = readonly;
				GENERATE_INFOPLIST_FILE = YES;
				INFOPLIST_FILE = "Kabelwaechter tvOS/Info.plist";
				INFOPLIST_KEY_CFBundleDisplayName = KBLW;
				INFOPLIST_KEY_ITSAppUsesNonExemptEncryption = NO;
				INFOPLIST_KEY_UILaunchScreen_Generation = YES;
				INFOPLIST_KEY_UIUserInterfaceStyle = Automatic;
				LD_RUNPATH_SEARCH_PATHS = (
					"$(inherited)",
					"@executable_path/Frameworks",
				);
				MARKETING_VERSION = 1.0.3;
				PRODUCT_BUNDLE_IDENTIFIER = de.jankaluza.kabelwaechter.tv;
				PRODUCT_NAME = "$(TARGET_NAME)";
				SDKROOT = appletvos;
				STRING_CATALOG_GENERATE_SYMBOLS = NO;
				SWIFT_APPROACHABLE_CONCURRENCY = YES;
				SWIFT_DEFAULT_ACTOR_ISOLATION = MainActor;
				SWIFT_EMIT_LOC_STRINGS = YES;
				SWIFT_UPCOMING_FEATURE_MEMBER_IMPORT_VISIBILITY = YES;
				SWIFT_VERSION = 5.0;
				TARGETED_DEVICE_FAMILY = 3;
				TVOS_DEPLOYMENT_TARGET = 17.6;
			};
			name = Release;
		};
		E337E3CF2FC339820039D356 /* Debug */ = {
			isa = XCBuildConfiguration;
			buildSettings = {
				BUNDLE_LOADER = "$(TEST_HOST)";
				CODE_SIGN_STYLE = Automatic;
				CURRENT_PROJECT_VERSION = 3;
				DEVELOPMENT_TEAM = 8D5SQU94MF;
				GENERATE_INFOPLIST_FILE = YES;
				MARKETING_VERSION = 1.0.3;
				PRODUCT_BUNDLE_IDENTIFIER = "de.jankaluza.kabelwaechter.Kabelwaechter-tvOSTests";
				PRODUCT_NAME = "$(TARGET_NAME)";
				SDKROOT = appletvos;
				STRING_CATALOG_GENERATE_SYMBOLS = NO;
				SWIFT_APPROACHABLE_CONCURRENCY = YES;
				SWIFT_EMIT_LOC_STRINGS = NO;
				SWIFT_UPCOMING_FEATURE_MEMBER_IMPORT_VISIBILITY = YES;
				SWIFT_VERSION = 5.0;
				TARGETED_DEVICE_FAMILY = 3;
				TEST_HOST = "$(BUILT_PRODUCTS_DIR)/Kabelwaechter tvOS.app/$(BUNDLE_EXECUTABLE_FOLDER_PATH)/Kabelwaechter tvOS";
				TVOS_DEPLOYMENT_TARGET = 26.2;
			};
			name = Debug;
		};
		E337E3D02FC339820039D356 /* Release */ = {
			isa = XCBuildConfiguration;
			buildSettings = {
				BUNDLE_LOADER = "$(TEST_HOST)";
				CODE_SIGN_STYLE = Automatic;
				CURRENT_PROJECT_VERSION = 3;
				DEVELOPMENT_TEAM = 8D5SQU94MF;
				GENERATE_INFOPLIST_FILE = YES;
				MARKETING_VERSION = 1.0.3;
				PRODUCT_BUNDLE_IDENTIFIER = "de.jankaluza.kabelwaechter.Kabelwaechter-tvOSTests";
				PRODUCT_NAME = "$(TARGET_NAME)";
				SDKROOT = appletvos;
				STRING_CATALOG_GENERATE_SYMBOLS = NO;
				SWIFT_APPROACHABLE_CONCURRENCY = YES;
				SWIFT_EMIT_LOC_STRINGS = NO;
				SWIFT_UPCOMING_FEATURE_MEMBER_IMPORT_VISIBILITY = YES;
				SWIFT_VERSION = 5.0;
				TARGETED_DEVICE_FAMILY = 3;
				TEST_HOST = "$(BUILT_PRODUCTS_DIR)/Kabelwaechter tvOS.app/$(BUNDLE_EXECUTABLE_FOLDER_PATH)/Kabelwaechter tvOS";
				TVOS_DEPLOYMENT_TARGET = 26.2;
			};
			name = Release;
		};
		E337E3D22FC339820039D356 /* Debug */ = {
			isa = XCBuildConfiguration;
			buildSettings = {
				CODE_SIGN_STYLE = Automatic;
				CURRENT_PROJECT_VERSION = 3;
				DEVELOPMENT_TEAM = 8D5SQU94MF;
				GENERATE_INFOPLIST_FILE = YES;
				MARKETING_VERSION = 1.0.3;
				PRODUCT_BUNDLE_IDENTIFIER = de.jankaluza.kabelwaechter.tv;
				PRODUCT_NAME = "$(TARGET_NAME)";
				SDKROOT = appletvos;
				STRING_CATALOG_GENERATE_SYMBOLS = NO;
				SWIFT_APPROACHABLE_CONCURRENCY = YES;
				SWIFT_EMIT_LOC_STRINGS = NO;
				SWIFT_UPCOMING_FEATURE_MEMBER_IMPORT_VISIBILITY = YES;
				SWIFT_VERSION = 5.0;
				TARGETED_DEVICE_FAMILY = 3;
				TEST_TARGET_NAME = "Kabelwaechter tvOS";
				TVOS_DEPLOYMENT_TARGET = 17.6;
			};
			name = Debug;
		};
		E337E3D32FC339820039D356 /* Release */ = {
			isa = XCBuildConfiguration;
			buildSettings = {
				CODE_SIGN_STYLE = Automatic;
				CURRENT_PROJECT_VERSION = 3;
				DEVELOPMENT_TEAM = 8D5SQU94MF;
				GENERATE_INFOPLIST_FILE = YES;
				MARKETING_VERSION = 1.0.3;
				PRODUCT_BUNDLE_IDENTIFIER = de.jankaluza.kabelwaechter.tv;
				PRODUCT_NAME = "$(TARGET_NAME)";
				SDKROOT = appletvos;
				STRING_CATALOG_GENERATE_SYMBOLS = NO;
				SWIFT_APPROACHABLE_CONCURRENCY = YES;
				SWIFT_EMIT_LOC_STRINGS = NO;
				SWIFT_UPCOMING_FEATURE_MEMBER_IMPORT_VISIBILITY = YES;
				SWIFT_VERSION = 5.0;
				TARGETED_DEVICE_FAMILY = 3;
				TEST_TARGET_NAME = "Kabelwaechter tvOS";
				TVOS_DEPLOYMENT_TARGET = 17.6;
			};
			name = Release;
		};
		E337E3E52FC33A990039D356 /* Debug */ = {
			isa = XCBuildConfiguration;
			buildSettings = {
				CODE_SIGN_ENTITLEMENTS = KabelwaechterNEtvOS/KabelwaechterNEtvOS.entitlements;
				CODE_SIGN_STYLE = Automatic;
				CURRENT_PROJECT_VERSION = 3;
				DEVELOPMENT_TEAM = 8D5SQU94MF;
				ENABLE_USER_SCRIPT_SANDBOXING = NO;
				GENERATE_INFOPLIST_FILE = YES;
				INFOPLIST_FILE = KabelwaechterNEtvOS/Info.plist;
				INFOPLIST_KEY_CFBundleDisplayName = KabelwaechterNEtvOS;
				INFOPLIST_KEY_NSHumanReadableCopyright = "";
				LD_RUNPATH_SEARCH_PATHS = (
					"$(inherited)",
					"@executable_path/Frameworks",
					"@executable_path/../../Frameworks",
				);
				MARKETING_VERSION = 1.0.3;
				PRODUCT_BUNDLE_IDENTIFIER = de.jankaluza.kabelwaechter.tv.networkextension;
				PRODUCT_NAME = "$(TARGET_NAME)";
				SDKROOT = appletvos;
				SKIP_INSTALL = YES;
				STRING_CATALOG_GENERATE_SYMBOLS = NO;
				SWIFT_APPROACHABLE_CONCURRENCY = YES;
				SWIFT_EMIT_LOC_STRINGS = YES;
				SWIFT_UPCOMING_FEATURE_MEMBER_IMPORT_VISIBILITY = YES;
				SWIFT_VERSION = 5.0;
				TARGETED_DEVICE_FAMILY = 3;
				TVOS_DEPLOYMENT_TARGET = 17.6;
			};
			name = Debug;
		};
		E337E3E62FC33A990039D356 /* Release */ = {
			isa = XCBuildConfiguration;
			buildSettings = {
				CODE_SIGN_ENTITLEMENTS = KabelwaechterNEtvOS/KabelwaechterNEtvOS.entitlements;
				CODE_SIGN_STYLE = Automatic;
				CURRENT_PROJECT_VERSION = 3;
				DEVELOPMENT_TEAM = 8D5SQU94MF;
				ENABLE_USER_SCRIPT_SANDBOXING = NO;
				GENERATE_INFOPLIST_FILE = YES;
				INFOPLIST_FILE = KabelwaechterNEtvOS/Info.plist;
				INFOPLIST_KEY_CFBundleDisplayName = KabelwaechterNEtvOS;
				INFOPLIST_KEY_NSHumanReadableCopyright = "";
				LD_RUNPATH_SEARCH_PATHS = (
					"$(inherited)",
					"@executable_path/Frameworks",
					"@executable_path/../../Frameworks",
				);
				MARKETING_VERSION = 1.0.3;
				PRODUCT_BUNDLE_IDENTIFIER = de.jankaluza.kabelwaechter.tv.networkextension;
				PRODUCT_NAME = "$(TARGET_NAME)";
				SDKROOT = appletvos;
				SKIP_INSTALL = YES;
				STRING_CATALOG_GENERATE_SYMBOLS = NO;
				SWIFT_APPROACHABLE_CONCURRENCY = YES;
				SWIFT_EMIT_LOC_STRINGS = YES;
				SWIFT_UPCOMING_FEATURE_MEMBER_IMPORT_VISIBILITY = YES;
				SWIFT_VERSION = 5.0;
				TARGETED_DEVICE_FAMILY = 3;
				TVOS_DEPLOYMENT_TARGET = 17.6;
			};
			name = Release;
		};
/* End XCBuildConfiguration section */

/* Begin XCConfigurationList section */
		024322944BA6DF7A60C113B2 /* Build configuration list for PBXNativeTarget "KabelwaechterNEmac" */ = {
			isa = XCConfigurationList;
			buildConfigurations = (
				406CB166995A8AB30D69579F /* Release */,
				1E8A482D1E552792327F384B /* Debug */,
			);
			defaultConfigurationIsVisible = 0;
			defaultConfigurationName = Release;
		};
		83C3F562D904AB91811B971F /* Build configuration list for PBXNativeTarget "Kabelwaechter macOS" */ = {
			isa = XCConfigurationList;
			buildConfigurations = (
				C76EB56EA3FA3B5D4754D4E7 /* Release */,
				D45E28F51BD2D91702139B1A /* Debug */,
			);
			defaultConfigurationIsVisible = 0;
			defaultConfigurationName = Release;
		};
		DDAD1678387CC0B1CCC516CE /* Build configuration list for PBXNativeTarget "KabelwaechterNEiOS" */ = {
			isa = XCConfigurationList;
			buildConfigurations = (
				DBF130399D0B0BE78192B037 /* Release */,
				0D0776A4C72CDCEFFAC4A3B5 /* Debug */,
			);
			defaultConfigurationIsVisible = 0;
			defaultConfigurationName = Release;
		};
		E337E3702FC3383C0039D356 /* Build configuration list for PBXProject "Kabelwaechter" */ = {
			isa = XCConfigurationList;
			buildConfigurations = (
				E337E39C2FC3383E0039D356 /* Debug */,
				E337E39D2FC3383E0039D356 /* Release */,
			);
			defaultConfigurationIsVisible = 0;
			defaultConfigurationName = Release;
		};
		E337E3992FC3383E0039D356 /* Build configuration list for PBXNativeTarget "Kabelwaechter" */ = {
			isa = XCConfigurationList;
			buildConfigurations = (
				E337E39A2FC3383E0039D356 /* Debug */,
				E337E39B2FC3383E0039D356 /* Release */,
			);
			defaultConfigurationIsVisible = 0;
			defaultConfigurationName = Release;
		};
		E337E39E2FC3383E0039D356 /* Build configuration list for PBXNativeTarget "KabelwaechterTests" */ = {
			isa = XCConfigurationList;
			buildConfigurations = (
				E337E39F2FC3383E0039D356 /* Debug */,
				E337E3A02FC3383E0039D356 /* Release */,
			);
			defaultConfigurationIsVisible = 0;
			defaultConfigurationName = Release;
		};
		E337E3A12FC3383E0039D356 /* Build configuration list for PBXNativeTarget "KabelwaechterUITests" */ = {
			isa = XCConfigurationList;
			buildConfigurations = (
				E337E3A22FC3383E0039D356 /* Debug */,
				E337E3A32FC3383E0039D356 /* Release */,
			);
			defaultConfigurationIsVisible = 0;
			defaultConfigurationName = Release;
		};
		E337E3CB2FC339820039D356 /* Build configuration list for PBXNativeTarget "Kabelwaechter tvOS" */ = {
			isa = XCConfigurationList;
			buildConfigurations = (
				E337E3CC2FC339820039D356 /* Debug */,
				E337E3CD2FC339820039D356 /* Release */,
			);
			defaultConfigurationIsVisible = 0;
			defaultConfigurationName = Release;
		};
		E337E3CE2FC339820039D356 /* Build configuration list for PBXNativeTarget "Kabelwaechter tvOSTests" */ = {
			isa = XCConfigurationList;
			buildConfigurations = (
				E337E3CF2FC339820039D356 /* Debug */,
				E337E3D02FC339820039D356 /* Release */,
			);
			defaultConfigurationIsVisible = 0;
			defaultConfigurationName = Release;
		};
		E337E3D12FC339820039D356 /* Build configuration list for PBXNativeTarget "Kabelwaechter tvOSUITests" */ = {
			isa = XCConfigurationList;
			buildConfigurations = (
				E337E3D22FC339820039D356 /* Debug */,
				E337E3D32FC339820039D356 /* Release */,
			);
			defaultConfigurationIsVisible = 0;
			defaultConfigurationName = Release;
		};
		E337E3E42FC33A990039D356 /* Build configuration list for PBXNativeTarget "KabelwaechterNEtvOS" */ = {
			isa = XCConfigurationList;
			buildConfigurations = (
				E337E3E52FC33A990039D356 /* Debug */,
				E337E3E62FC33A990039D356 /* Release */,
			);
			defaultConfigurationIsVisible = 0;
			defaultConfigurationName = Release;
		};
/* End XCConfigurationList section */

/* Begin XCLocalSwiftPackageReference section */
		E337E3E92FC33EED0039D356 /* XCLocalSwiftPackageReference "KabelwaechterCore" */ = {
			isa = XCLocalSwiftPackageReference;
			relativePath = ../KabelwaechterCore;
		};
/* End XCLocalSwiftPackageReference section */

/* Begin XCRemoteSwiftPackageReference section */
		E3CCC1642FC342680045F7FD /* XCRemoteSwiftPackageReference "wireguard-apple-tvos" */ = {
			isa = XCRemoteSwiftPackageReference;
			repositoryURL = "https://github.com/JxxKal/wireguard-apple-tvos";
			requirement = {
				kind = revision;
				revision = dacb0cfc382a026e04f96f3dd0a8533b402848ab;
			};
		};
/* End XCRemoteSwiftPackageReference section */

/* Begin XCSwiftPackageProductDependency section */
		4C1FC2B355CFDB97B29E8FB1 /* KabelwaechterPersistence */ = {
			isa = XCSwiftPackageProductDependency;
			package = E337E3E92FC33EED0039D356 /* XCLocalSwiftPackageReference "KabelwaechterCore" */;
			productName = KabelwaechterPersistence;
		};
		6B900F218F0F6D2D7482FCFF /* KabelwaechterUI */ = {
			isa = XCSwiftPackageProductDependency;
			package = E337E3E92FC33EED0039D356 /* XCLocalSwiftPackageReference "KabelwaechterCore" */;
			productName = KabelwaechterUI;
		};
		71A54132E72363220E6A7B94 /* WireGuardKit */ = {
			isa = XCSwiftPackageProductDependency;
			package = E3CCC1642FC342680045F7FD /* XCRemoteSwiftPackageReference "wireguard-apple-tvos" */;
			productName = WireGuardKit;
		};
		756292111AB838DC42BC8E51 /* KabelwaechterCore */ = {
			isa = XCSwiftPackageProductDependency;
			package = E337E3E92FC33EED0039D356 /* XCLocalSwiftPackageReference "KabelwaechterCore" */;
			productName = KabelwaechterCore;
		};
		B114031E7879A91B1D32DF9D /* WireGuardKit */ = {
			isa = XCSwiftPackageProductDependency;
			package = E3CCC1642FC342680045F7FD /* XCRemoteSwiftPackageReference "wireguard-apple-tvos" */;
			productName = WireGuardKit;
		};
		C13E77571A0B803CCDE9F059 /* KabelwaechterUI */ = {
			isa = XCSwiftPackageProductDependency;
			package = E337E3E92FC33EED0039D356 /* XCLocalSwiftPackageReference "KabelwaechterCore" */;
			productName = KabelwaechterUI;
		};
		D5AC34CD940E1A25B0FEDFC2 /* KabelwaechterCore */ = {
			isa = XCSwiftPackageProductDependency;
			package = E337E3E92FC33EED0039D356 /* XCLocalSwiftPackageReference "KabelwaechterCore" */;
			productName = KabelwaechterCore;
		};
		DC19856B5386CD0DC88C8E7F /* KabelwaechterUI */ = {
			isa = XCSwiftPackageProductDependency;
			package = E337E3E92FC33EED0039D356 /* XCLocalSwiftPackageReference "KabelwaechterCore" */;
			productName = KabelwaechterUI;
		};
		E337E3EA2FC33EED0039D356 /* KabelwaechterCore */ = {
			isa = XCSwiftPackageProductDependency;
			productName = KabelwaechterCore;
		};
		E337E3EC2FC33F1D0039D356 /* KabelwaechterCore */ = {
			isa = XCSwiftPackageProductDependency;
			package = E337E3E92FC33EED0039D356 /* XCLocalSwiftPackageReference "KabelwaechterCore" */;
			productName = KabelwaechterCore;
		};
		E337E3EE2FC33F2B0039D356 /* KabelwaechterCore */ = {
			isa = XCSwiftPackageProductDependency;
			package = E337E3E92FC33EED0039D356 /* XCLocalSwiftPackageReference "KabelwaechterCore" */;
			productName = KabelwaechterCore;
		};
		E337E3F02FC700010039D356 /* KabelwaechterPersistence */ = {
			isa = XCSwiftPackageProductDependency;
			package = E337E3E92FC33EED0039D356 /* XCLocalSwiftPackageReference "KabelwaechterCore" */;
			productName = KabelwaechterPersistence;
		};
		E337E3F22FC700020039D356 /* KabelwaechterPersistence */ = {
			isa = XCSwiftPackageProductDependency;
			package = E337E3E92FC33EED0039D356 /* XCLocalSwiftPackageReference "KabelwaechterCore" */;
			productName = KabelwaechterPersistence;
		};
		E3CCC1652FC342680045F7FD /* WireGuardKit */ = {
			isa = XCSwiftPackageProductDependency;
			package = E3CCC1642FC342680045F7FD /* XCRemoteSwiftPackageReference "wireguard-apple-tvos" */;
			productName = WireGuardKit;
		};
		F920B092C4621151C023632E /* KabelwaechterCore */ = {
			isa = XCSwiftPackageProductDependency;
			package = E337E3E92FC33EED0039D356 /* XCLocalSwiftPackageReference "KabelwaechterCore" */;
			productName = KabelwaechterCore;
		};
/* End XCSwiftPackageProductDependency section */
	};
	rootObject = E337E36D2FC3383C0039D356 /* Project object */;
}
